// !$*UTF8*$!
{
	archiveVersion = 1;
	classes = {
	};
	objectVersion = 46;
	objects = {

/* Begin PBXBuildFile section */
		120208021E7448710066BD4C /* CoreDataStack.swift in Sources */ = {isa = PBXBuildFile; fileRef = 120208011E7448710066BD4C /* CoreDataStack.swift */; };
		120208051E744A420066BD4C /* CoreDataManager.swift in Sources */ = {isa = PBXBuildFile; fileRef = 120208041E744A420066BD4C /* CoreDataManager.swift */; };
		120B70881E9B7C0000E55C2B /* AuthManager.swift in Sources */ = {isa = PBXBuildFile; fileRef = 120B70871E9B7C0000E55C2B /* AuthManager.swift */; };
		121A44EB1E864AF900F3EAA8 /* LMHomeViewController.swift in Sources */ = {isa = PBXBuildFile; fileRef = 121A44EA1E864AF900F3EAA8 /* LMHomeViewController.swift */; };
		127898881E8A494D00E937E0 /* StoredGame+LoadableGame.swift in Sources */ = {isa = PBXBuildFile; fileRef = 127898871E8A494D00E937E0 /* StoredGame+LoadableGame.swift */; };
		1278988A1E8A496000E937E0 /* LoadableGame.swift in Sources */ = {isa = PBXBuildFile; fileRef = 127898891E8A496000E937E0 /* LoadableGame.swift */; };
		12A0514E1E91641800724147 /* WoofRunner.xcdatamodeld in Sources */ = {isa = PBXBuildFile; fileRef = 12A0514C1E91641800724147 /* WoofRunner.xcdatamodeld */; };
		12A82FCF1E727072008B721E /* AppDelegate.swift in Sources */ = {isa = PBXBuildFile; fileRef = 12A82FCE1E727072008B721E /* AppDelegate.swift */; };
		12A82FD11E727072008B721E /* art.scnassets in Resources */ = {isa = PBXBuildFile; fileRef = 12A82FD01E727072008B721E /* art.scnassets */; };
		12A82FD81E727072008B721E /* Assets.xcassets in Resources */ = {isa = PBXBuildFile; fileRef = 12A82FD71E727072008B721E /* Assets.xcassets */; };
		12A856611E90FE1D00B5EB4E /* StoredGame+SaveableGame.swift in Sources */ = {isa = PBXBuildFile; fileRef = 12A856601E90FE1D00B5EB4E /* StoredGame+SaveableGame.swift */; };
		12A856631E910CD100B5EB4E /* DisplayedGame.swift in Sources */ = {isa = PBXBuildFile; fileRef = 12A856621E910CD100B5EB4E /* DisplayedGame.swift */; };
		12A856651E910D0B00B5EB4E /* StoredGame+DisplayedGame.swift in Sources */ = {isa = PBXBuildFile; fileRef = 12A856641E910D0B00B5EB4E /* StoredGame+DisplayedGame.swift */; };
		12AD18241E8969F700EF5C46 /* SaveableGame.swift in Sources */ = {isa = PBXBuildFile; fileRef = 12AD18211E8969F700EF5C46 /* SaveableGame.swift */; };
		12AD18251E8969F700EF5C46 /* SaveableObstacle.swift in Sources */ = {isa = PBXBuildFile; fileRef = 12AD18221E8969F700EF5C46 /* SaveableObstacle.swift */; };
		12AD18261E8969F700EF5C46 /* SaveablePlatform.swift in Sources */ = {isa = PBXBuildFile; fileRef = 12AD18231E8969F700EF5C46 /* SaveablePlatform.swift */; };
		12BC67EB1E89877500CD6EC7 /* LevelGrid+SaveableGame.swift in Sources */ = {isa = PBXBuildFile; fileRef = 12BC67EA1E89877500CD6EC7 /* LevelGrid+SaveableGame.swift */; };
		12C457891E8D60C200CFD541 /* PreviewGame.swift in Sources */ = {isa = PBXBuildFile; fileRef = 12C457881E8D60C200CFD541 /* PreviewGame.swift */; };
		12CCB69C1E9A17B300C4FD45 /* DownloadGameTapGesture.swift in Sources */ = {isa = PBXBuildFile; fileRef = 12CCB69B1E9A17B300C4FD45 /* DownloadGameTapGesture.swift */; };
		12DA420A1E86699200C23137 /* LMCardViewCell.swift in Sources */ = {isa = PBXBuildFile; fileRef = 12DA42091E86699200C23137 /* LMCardViewCell.swift */; };
		12DC8DB81E89254900B8A40C /* LMHomeViewModel.swift in Sources */ = {isa = PBXBuildFile; fileRef = 12DC8DB71E89254900B8A40C /* LMHomeViewModel.swift */; };
		12DC8DBA1E8928FB00B8A40C /* GameStorageManager.swift in Sources */ = {isa = PBXBuildFile; fileRef = 12DC8DB91E8928FB00B8A40C /* GameStorageManager.swift */; };
		12EE38C01E78E99F00D81378 /* GoogleService-Info.plist in Resources */ = {isa = PBXBuildFile; fileRef = 12EE38BF1E78E99F00D81378 /* GoogleService-Info.plist */; };
		12EE38C21E78EA1C00D81378 /* OnlineStorageManager.swift in Sources */ = {isa = PBXBuildFile; fileRef = 12EE38C11E78EA1C00D81378 /* OnlineStorageManager.swift */; };
		12EFDD671E727812005C63E2 /* LaunchScreen.storyboard in Resources */ = {isa = PBXBuildFile; fileRef = 12EFDD651E727812005C63E2 /* LaunchScreen.storyboard */; };
		12EFDD681E727812005C63E2 /* Main.storyboard in Resources */ = {isa = PBXBuildFile; fileRef = 12EFDD661E727812005C63E2 /* Main.storyboard */; };
		12F9B60D1E9A740C00B2E4E6 /* FacebookLoginOverlay.swift in Sources */ = {isa = PBXBuildFile; fileRef = 12F9B60C1E9A740C00B2E4E6 /* FacebookLoginOverlay.swift */; };
		3F0F81B71E916B7900114CD0 /* CustomLevel.storyboard in Resources */ = {isa = PBXBuildFile; fileRef = 3F0F81B61E916B7900114CD0 /* CustomLevel.storyboard */; };
		3F0F81B91E91707400114CD0 /* CustomLevelViewController.swift in Sources */ = {isa = PBXBuildFile; fileRef = 3F0F81B81E91707400114CD0 /* CustomLevelViewController.swift */; };
		3F0F81BB1E92974E00114CD0 /* MenuViewController.swift in Sources */ = {isa = PBXBuildFile; fileRef = 3F0F81BA1E92974E00114CD0 /* MenuViewController.swift */; };
		3F0F81BD1E929A7000114CD0 /* UIButton+ShadowExtension.swift in Sources */ = {isa = PBXBuildFile; fileRef = 3F0F81BC1E929A7000114CD0 /* UIButton+ShadowExtension.swift */; };
		3F0F81BF1E92BC4900114CD0 /* RenameDialogViewController.swift in Sources */ = {isa = PBXBuildFile; fileRef = 3F0F81BE1E92BC4900114CD0 /* RenameDialogViewController.swift */; };
		3F0F81C11E9556F400114CD0 /* LevelSelectorItemButton.swift in Sources */ = {isa = PBXBuildFile; fileRef = 3F0F81C01E9556F400114CD0 /* LevelSelectorItemButton.swift */; };
		3F0F81C31E955E7C00114CD0 /* LevelSelectorItemImageView.swift in Sources */ = {isa = PBXBuildFile; fileRef = 3F0F81C21E955E7C00114CD0 /* LevelSelectorItemImageView.swift */; };
		3F0F81C51E96935200114CD0 /* BottomMenuLabelButton.swift in Sources */ = {isa = PBXBuildFile; fileRef = 3F0F81C41E96935200114CD0 /* BottomMenuLabelButton.swift */; };
		3F0F81C71E969F0A00114CD0 /* RenameDialogViewController.xib in Resources */ = {isa = PBXBuildFile; fileRef = 3F0F81C61E969F0A00114CD0 /* RenameDialogViewController.xib */; };
		3F0F81D11E97269B00114CD0 /* BrushSelection.swift in Sources */ = {isa = PBXBuildFile; fileRef = 3F0F81D01E97269B00114CD0 /* BrushSelection.swift */; };
		3F0F81D31E97271900114CD0 /* BrushSelectionType.swift in Sources */ = {isa = PBXBuildFile; fileRef = 3F0F81D21E97271900114CD0 /* BrushSelectionType.swift */; };
		3F0F81D51E97FA1300114CD0 /* StrokedLabel.swift in Sources */ = {isa = PBXBuildFile; fileRef = 3F0F81D41E97FA1300114CD0 /* StrokedLabel.swift */; };
		3F0F81D91E980F0700114CD0 /* CustomLevelSelectorViewController.swift in Sources */ = {isa = PBXBuildFile; fileRef = 3F0F81D81E980F0700114CD0 /* CustomLevelSelectorViewController.swift */; };
		3F0F81DB1E980F7300114CD0 /* CustomLevelSelector.storyboard in Resources */ = {isa = PBXBuildFile; fileRef = 3F0F81DA1E980F7300114CD0 /* CustomLevelSelector.storyboard */; };
		3F0F81DD1E9813DC00114CD0 /* CustomLevelSelectorCard.swift in Sources */ = {isa = PBXBuildFile; fileRef = 3F0F81DC1E9813DC00114CD0 /* CustomLevelSelectorCard.swift */; };
		3F0F81DF1E98140D00114CD0 /* UILabel+ShadowExtension.swift in Sources */ = {isa = PBXBuildFile; fileRef = 3F0F81DE1E98140D00114CD0 /* UILabel+ShadowExtension.swift */; };
		3F0F81E11E98151D00114CD0 /* LevelSelectorItemImageView+ShadowExtension.swift in Sources */ = {isa = PBXBuildFile; fileRef = 3F0F81E01E98151D00114CD0 /* LevelSelectorItemImageView+ShadowExtension.swift */; };
		3F0F81E51E99639D00114CD0 /* MarketplaceLevelCard.swift in Sources */ = {isa = PBXBuildFile; fileRef = 3F0F81E41E99639D00114CD0 /* MarketplaceLevelCard.swift */; };
		3F0F81E71E9964BC00114CD0 /* LevelCardView.swift in Sources */ = {isa = PBXBuildFile; fileRef = 3F0F81E61E9964BC00114CD0 /* LevelCardView.swift */; };
		3F2CFBAE1E8D84F300C01036 /* PreloadedLevelCard.swift in Sources */ = {isa = PBXBuildFile; fileRef = 3F2CFBAD1E8D84F300C01036 /* PreloadedLevelCard.swift */; };
		3F7348B61E86D0D800EB1264 /* PaletteButton.swift in Sources */ = {isa = PBXBuildFile; fileRef = 3F7348B51E86D0D800EB1264 /* PaletteButton.swift */; };
		3F7348B81E86D96000EB1264 /* PaletteButtonDelegate.swift in Sources */ = {isa = PBXBuildFile; fileRef = 3F7348B71E86D96000EB1264 /* PaletteButtonDelegate.swift */; };
		3F7348BC1E86DACF00EB1264 /* PaletteMenu.swift in Sources */ = {isa = PBXBuildFile; fileRef = 3F7348BB1E86DACF00EB1264 /* PaletteMenu.swift */; };
		3F7348BE1E86F1FA00EB1264 /* OverlayMenu.swift in Sources */ = {isa = PBXBuildFile; fileRef = 3F7348BD1E86F1FA00EB1264 /* OverlayMenu.swift */; };
		3F7348C01E86F39A00EB1264 /* OverlayMenuSubsection.swift in Sources */ = {isa = PBXBuildFile; fileRef = 3F7348BF1E86F39A00EB1264 /* OverlayMenuSubsection.swift */; };
		3F7348C41E86F89F00EB1264 /* OverlayButtonSet.swift in Sources */ = {isa = PBXBuildFile; fileRef = 3F7348C31E86F89F00EB1264 /* OverlayButtonSet.swift */; };
		3F7348C61E86F95700EB1264 /* OverlayButton.swift in Sources */ = {isa = PBXBuildFile; fileRef = 3F7348C51E86F95700EB1264 /* OverlayButton.swift */; };
		3F7348C81E86FADC00EB1264 /* OverlayButtonDelegate.swift in Sources */ = {isa = PBXBuildFile; fileRef = 3F7348C71E86FADC00EB1264 /* OverlayButtonDelegate.swift */; };
		3FA4B1731E880D5500D93703 /* CurrentSelectionNode.swift in Sources */ = {isa = PBXBuildFile; fileRef = 3FA4B1721E880D5500D93703 /* CurrentSelectionNode.swift */; };
		3FA4B1751E895AC500D93703 /* LevelDesignerBottomMenu.swift in Sources */ = {isa = PBXBuildFile; fileRef = 3FA4B1741E895AC500D93703 /* LevelDesignerBottomMenu.swift */; };
		3FA4B1771E89617D00D93703 /* BottomMenuButton.swift in Sources */ = {isa = PBXBuildFile; fileRef = 3FA4B1761E89617D00D93703 /* BottomMenuButton.swift */; };
		3FA4B1791E89628D00D93703 /* BottomMenuButtonDelegate.swift in Sources */ = {isa = PBXBuildFile; fileRef = 3FA4B1781E89628D00D93703 /* BottomMenuButtonDelegate.swift */; };
		3FAE2D341E7280EE00D65B84 /* Menu.storyboard in Resources */ = {isa = PBXBuildFile; fileRef = 3FAE2D331E7280EE00D65B84 /* Menu.storyboard */; };
		3FAE2D361E72818900D65B84 /* LevelSelector.storyboard in Resources */ = {isa = PBXBuildFile; fileRef = 3FAE2D351E72818900D65B84 /* LevelSelector.storyboard */; };
		3FAE2D381E7281CE00D65B84 /* LevelDesigner.storyboard in Resources */ = {isa = PBXBuildFile; fileRef = 3FAE2D371E7281CE00D65B84 /* LevelDesigner.storyboard */; };
		3FAE2D3A1E7281F400D65B84 /* Gameplay.storyboard in Resources */ = {isa = PBXBuildFile; fileRef = 3FAE2D391E7281F400D65B84 /* Gameplay.storyboard */; };
		3FAE2D3C1E72838200D65B84 /* LevelMarketplace.storyboard in Resources */ = {isa = PBXBuildFile; fileRef = 3FAE2D3B1E72838200D65B84 /* LevelMarketplace.storyboard */; };
		3FC4B7401EA155E60002D000 /* GameplayOverlayConstants.swift in Sources */ = {isa = PBXBuildFile; fileRef = 3FC4B73F1EA155E60002D000 /* GameplayOverlayConstants.swift */; };
		3FCC89971E73E327005A7C03 /* LevelSelectorViewController.swift in Sources */ = {isa = PBXBuildFile; fileRef = 3FCC89961E73E327005A7C03 /* LevelSelectorViewController.swift */; };
		3FCC899D1E7AD72B005A7C03 /* LevelDesignerOverlayScene.swift in Sources */ = {isa = PBXBuildFile; fileRef = 3FCC899C1E7AD72B005A7C03 /* LevelDesignerOverlayScene.swift */; };
		3FCC89AF1E802A45005A7C03 /* ButtonActions.swift in Sources */ = {isa = PBXBuildFile; fileRef = 3FCC89AE1E802A45005A7C03 /* ButtonActions.swift */; };
		3FCC89B51E804C07005A7C03 /* CustomShapeNodes.swift in Sources */ = {isa = PBXBuildFile; fileRef = 3FCC89B41E804C07005A7C03 /* CustomShapeNodes.swift */; };
		3FCC89B71E810D4B005A7C03 /* PaletteFunctionType.swift in Sources */ = {isa = PBXBuildFile; fileRef = 3FCC89B61E810D4B005A7C03 /* PaletteFunctionType.swift */; };
		3FD5D0231E8F5BB7007573C4 /* LevelCardViewModel.swift in Sources */ = {isa = PBXBuildFile; fileRef = 3FD5D0221E8F5BB7007573C4 /* LevelCardViewModel.swift */; };
		3FD5D0251E8FA59F007573C4 /* UIImage+ResizeExtension.swift in Sources */ = {isa = PBXBuildFile; fileRef = 3FD5D0241E8FA59F007573C4 /* UIImage+ResizeExtension.swift */; };
		3FD5D0271E8FD328007573C4 /* LDOverlayButton.swift in Sources */ = {isa = PBXBuildFile; fileRef = 3FD5D0261E8FD328007573C4 /* LDOverlayButton.swift */; };
		3FD5D0291E91026E007573C4 /* BottomMenuButtonType.swift in Sources */ = {isa = PBXBuildFile; fileRef = 3FD5D0281E91026E007573C4 /* BottomMenuButtonType.swift */; };
		3FEC5FAF1E8D71270039902D /* LDOverlayDelegate.swift in Sources */ = {isa = PBXBuildFile; fileRef = 3FEC5FAE1E8D71270039902D /* LDOverlayDelegate.swift */; };
		3FF229D51E9A4FAD0040F0AF /* LDOverlayMenuViewModel.swift in Sources */ = {isa = PBXBuildFile; fileRef = 3FF229D41E9A4FAD0040F0AF /* LDOverlayMenuViewModel.swift */; };
		3FF229D91E9A8DE00040F0AF /* GameplayOverlayDelegate.swift in Sources */ = {isa = PBXBuildFile; fileRef = 3FF229D81E9A8DE00040F0AF /* GameplayOverlayDelegate.swift */; };
		3FF229DB1E9A8F000040F0AF /* GameplayOverlayButton.swift in Sources */ = {isa = PBXBuildFile; fileRef = 3FF229DA1E9A8F000040F0AF /* GameplayOverlayButton.swift */; };
		3FF229DD1E9A8F860040F0AF /* GameplayOverlayButtonDelegate.swift in Sources */ = {isa = PBXBuildFile; fileRef = 3FF229DC1E9A8F860040F0AF /* GameplayOverlayButtonDelegate.swift */; };
		3FF229DF1E9A98660040F0AF /* GameplayOverlayButtonType.swift in Sources */ = {isa = PBXBuildFile; fileRef = 3FF229DE1E9A98660040F0AF /* GameplayOverlayButtonType.swift */; };
		3FF229E51E9CE9AB0040F0AF /* LDOverlaySceneConstants.swift in Sources */ = {isa = PBXBuildFile; fileRef = 3FF229E41E9CE9AB0040F0AF /* LDOverlaySceneConstants.swift */; };
		4E1E111D1E7AF33F00AAC356 /* LevelDesignerViewController.swift in Sources */ = {isa = PBXBuildFile; fileRef = 4E1E111C1E7AF33F00AAC356 /* LevelDesignerViewController.swift */; };
		4E1E111F1E7AF35400AAC356 /* LevelDesignerScene.swift in Sources */ = {isa = PBXBuildFile; fileRef = 4E1E111E1E7AF35400AAC356 /* LevelDesignerScene.swift */; };
		4E1E11211E82D50D00AAC356 /* GridViewModel.swift in Sources */ = {isa = PBXBuildFile; fileRef = 4E1E11201E82D50D00AAC356 /* GridViewModel.swift */; };
		4E1E11231E82F7E600AAC356 /* ReactiveGridNode.swift in Sources */ = {isa = PBXBuildFile; fileRef = 4E1E11221E82F7E600AAC356 /* ReactiveGridNode.swift */; };
		4E90FFE91E8431690012B03F /* Position.swift in Sources */ = {isa = PBXBuildFile; fileRef = 4E90FFE81E8431690012B03F /* Position.swift */; };
		4E90FFEB1E844C5A0012B03F /* ReactiveGrid.swift in Sources */ = {isa = PBXBuildFile; fileRef = 4E90FFEA1E844C5A0012B03F /* ReactiveGrid.swift */; };
		4E9DB3741E8953E70023A2A8 /* LevelGrid.swift in Sources */ = {isa = PBXBuildFile; fileRef = 4E9DB3731E8953E70023A2A8 /* LevelGrid.swift */; };
		4E9DB3761E92EAAE0023A2A8 /* LevelGrid+Selection.swift in Sources */ = {isa = PBXBuildFile; fileRef = 4E9DB3751E92EAAE0023A2A8 /* LevelGrid+Selection.swift */; };
		4E9DB3781E954DC10023A2A8 /* AVAudioPlayerManager.swift in Sources */ = {isa = PBXBuildFile; fileRef = 4E9DB3771E954DC10023A2A8 /* AVAudioPlayerManager.swift */; };
		4EA8B1FC1E9A449300626010 /* GameplayOverlayScene.swift in Sources */ = {isa = PBXBuildFile; fileRef = 4EA8B1FB1E9A449300626010 /* GameplayOverlayScene.swift */; };
		4EA8B2001E9A484D00626010 /* SampleGameController.swift in Sources */ = {isa = PBXBuildFile; fileRef = 4EA8B1FF1E9A484D00626010 /* SampleGameController.swift */; };
		4EA8B2021E9A49A400626010 /* GameplayOverlay.storyboard in Resources */ = {isa = PBXBuildFile; fileRef = 4EA8B2011E9A49A400626010 /* GameplayOverlay.storyboard */; };
		4EA8B2041E9A4D5D00626010 /* GameplayOverlayScene.sks in Resources */ = {isa = PBXBuildFile; fileRef = 4EA8B2031E9A4D5D00626010 /* GameplayOverlayScene.sks */; };
		521E5E09B25B2C872282EF0B /* Pods_WoofRunner.framework in Frameworks */ = {isa = PBXBuildFile; fileRef = 81FBE97A6CC9991E780A7EF6 /* Pods_WoofRunner.framework */; };
		F300361F1E967C24004C1B4F /* TileManagerDelegate.swift in Sources */ = {isa = PBXBuildFile; fileRef = F300361E1E967C24004C1B4F /* TileManagerDelegate.swift */; };
		F304D04D1E950D6D0021CB68 /* GameSettings.swift in Sources */ = {isa = PBXBuildFile; fileRef = F304D04C1E950D6D0021CB68 /* GameSettings.swift */; };
		F30ABDFF1E82A7A800BD1D02 /* Array.swift in Sources */ = {isa = PBXBuildFile; fileRef = F30ABDFE1E82A7A800BD1D02 /* Array.swift */; };
		F30ABE011E82AACA00BD1D02 /* PoolManager.swift in Sources */ = {isa = PBXBuildFile; fileRef = F30ABE001E82AACA00BD1D02 /* PoolManager.swift */; };
		F30ABE031E82BDB300BD1D02 /* Platform.swift in Sources */ = {isa = PBXBuildFile; fileRef = F30ABE021E82BDB300BD1D02 /* Platform.swift */; };
		F313D53C1E8E31BD0036FF84 /* TileDelegate.swift in Sources */ = {isa = PBXBuildFile; fileRef = F313D53B1E8E31BD0036FF84 /* TileDelegate.swift */; };
		F313D53E1E8E40FD0036FF84 /* PlayerDelegate.swift in Sources */ = {isa = PBXBuildFile; fileRef = F313D53D1E8E40FD0036FF84 /* PlayerDelegate.swift */; };
		F318BEBB1E87C16E005D0113 /* SCNNode.swift in Sources */ = {isa = PBXBuildFile; fileRef = F318BEBA1E87C16E005D0113 /* SCNNode.swift */; };
		F33442B51E8156F3001C1D8D /* GameController.swift in Sources */ = {isa = PBXBuildFile; fileRef = F33442A81E8156F3001C1D8D /* GameController.swift */; };
		F33442B61E8156F3001C1D8D /* GameEngine.swift in Sources */ = {isa = PBXBuildFile; fileRef = F33442A91E8156F3001C1D8D /* GameEngine.swift */; };
		F33442B71E8156F3001C1D8D /* GameObject.swift in Sources */ = {isa = PBXBuildFile; fileRef = F33442AA1E8156F3001C1D8D /* GameObject.swift */; };
		F33442B81E8156F3001C1D8D /* GestureDelegate.swift in Sources */ = {isa = PBXBuildFile; fileRef = F33442AB1E8156F3001C1D8D /* GestureDelegate.swift */; };
		F33442BD1E8156F3001C1D8D /* SCNVector3.swift in Sources */ = {isa = PBXBuildFile; fileRef = F33442B01E8156F3001C1D8D /* SCNVector3.swift */; };
		F33442C01E8156F3001C1D8D /* World.swift in Sources */ = {isa = PBXBuildFile; fileRef = F33442B31E8156F3001C1D8D /* World.swift */; };
		F33442C91E815BFE001C1D8D /* Camera.swift in Sources */ = {isa = PBXBuildFile; fileRef = F33442C21E815BFE001C1D8D /* Camera.swift */; };
		F33442CA1E815BFE001C1D8D /* Obstacle.swift in Sources */ = {isa = PBXBuildFile; fileRef = F33442C31E815BFE001C1D8D /* Obstacle.swift */; };
		F33442CC1E815BFE001C1D8D /* TileManager.swift in Sources */ = {isa = PBXBuildFile; fileRef = F33442C51E815BFE001C1D8D /* TileManager.swift */; };
		F33442CD1E815BFE001C1D8D /* Player.swift in Sources */ = {isa = PBXBuildFile; fileRef = F33442C61E815BFE001C1D8D /* Player.swift */; };
		F33442CE1E815BFE001C1D8D /* TestCube.swift in Sources */ = {isa = PBXBuildFile; fileRef = F33442C71E815BFE001C1D8D /* TestCube.swift */; };
		F33442CF1E815BFE001C1D8D /* Tile.swift in Sources */ = {isa = PBXBuildFile; fileRef = F33442C81E815BFE001C1D8D /* Tile.swift */; };
		F33754E71E97812D00839AFD /* TileModel.swift in Sources */ = {isa = PBXBuildFile; fileRef = F33754E61E97812D00839AFD /* TileModel.swift */; };
		F33754E91E9784F900839AFD /* PlatformBehaviour.swift in Sources */ = {isa = PBXBuildFile; fileRef = F33754E81E9784F900839AFD /* PlatformBehaviour.swift */; };
		F33754EB1E97851F00839AFD /* ObstacleBehaviour.swift in Sources */ = {isa = PBXBuildFile; fileRef = F33754EA1E97851F00839AFD /* ObstacleBehaviour.swift */; };
		F33754ED1E97859600839AFD /* PlatformModel.swift in Sources */ = {isa = PBXBuildFile; fileRef = F33754EC1E97859600839AFD /* PlatformModel.swift */; };
		F33754EF1E9786E400839AFD /* ObstacleModel.swift in Sources */ = {isa = PBXBuildFile; fileRef = F33754EE1E9786E400839AFD /* ObstacleModel.swift */; };
		F33754F11E97886D00839AFD /* TileModelFactory.swift in Sources */ = {isa = PBXBuildFile; fileRef = F33754F01E97886D00839AFD /* TileModelFactory.swift */; };
		F34DEDBD1E8D41DD00BB8CA7 /* DeadTriggerPlatform.swift in Sources */ = {isa = PBXBuildFile; fileRef = F34DEDBC1E8D41DD00BB8CA7 /* DeadTriggerPlatform.swift */; };
		F34DEDBF1E8D608900BB8CA7 /* Trigger.swift in Sources */ = {isa = PBXBuildFile; fileRef = F34DEDBE1E8D608900BB8CA7 /* Trigger.swift */; };
		F34DEDC31E8D6A1F00BB8CA7 /* JumpPlatform.swift in Sources */ = {isa = PBXBuildFile; fileRef = F34DEDC21E8D6A1F00BB8CA7 /* JumpPlatform.swift */; };
		F34DEDC51E8D744C00BB8CA7 /* CollisionType.swift in Sources */ = {isa = PBXBuildFile; fileRef = F34DEDC41E8D744C00BB8CA7 /* CollisionType.swift */; };
		F34DEDC71E8D754D00BB8CA7 /* JumpingObstacle.swift in Sources */ = {isa = PBXBuildFile; fileRef = F34DEDC61E8D754D00BB8CA7 /* JumpingObstacle.swift */; };
		F39DF6091E93C6AA00A72CF0 /* TileFactory.swift in Sources */ = {isa = PBXBuildFile; fileRef = F39DF6081E93C6AA00A72CF0 /* TileFactory.swift */; };
		F39DF60B1E940DA300A72CF0 /* MovingPlatform.swift in Sources */ = {isa = PBXBuildFile; fileRef = F39DF60A1E940DA300A72CF0 /* MovingPlatform.swift */; };
		F3A73C6C1E95493F00B65435 /* CGFloat.swift in Sources */ = {isa = PBXBuildFile; fileRef = F3A73C6B1E95493F00B65435 /* CGFloat.swift */; };
		F3E51D3E1E92917D001FBAB2 /* RotatingObstacle.swift in Sources */ = {isa = PBXBuildFile; fileRef = F3E51D3D1E92917D001FBAB2 /* RotatingObstacle.swift */; };
/* End PBXBuildFile section */

/* Begin PBXFileReference section */
		120208011E7448710066BD4C /* CoreDataStack.swift */ = {isa = PBXFileReference; fileEncoding = 4; lastKnownFileType = sourcecode.swift; path = CoreDataStack.swift; sourceTree = "<group>"; };
		120208041E744A420066BD4C /* CoreDataManager.swift */ = {isa = PBXFileReference; fileEncoding = 4; lastKnownFileType = sourcecode.swift; path = CoreDataManager.swift; sourceTree = "<group>"; };
		120B70871E9B7C0000E55C2B /* AuthManager.swift */ = {isa = PBXFileReference; fileEncoding = 4; lastKnownFileType = sourcecode.swift; path = AuthManager.swift; sourceTree = "<group>"; };
		121A44EA1E864AF900F3EAA8 /* LMHomeViewController.swift */ = {isa = PBXFileReference; fileEncoding = 4; lastKnownFileType = sourcecode.swift; path = LMHomeViewController.swift; sourceTree = "<group>"; };
		127898871E8A494D00E937E0 /* StoredGame+LoadableGame.swift */ = {isa = PBXFileReference; fileEncoding = 4; lastKnownFileType = sourcecode.swift; path = "StoredGame+LoadableGame.swift"; sourceTree = "<group>"; };
		127898891E8A496000E937E0 /* LoadableGame.swift */ = {isa = PBXFileReference; fileEncoding = 4; lastKnownFileType = sourcecode.swift; path = LoadableGame.swift; sourceTree = "<group>"; };
		12A0514D1E91641800724147 /* WoofRunner.xcdatamodel */ = {isa = PBXFileReference; lastKnownFileType = wrapper.xcdatamodel; path = WoofRunner.xcdatamodel; sourceTree = "<group>"; };
		12A82FCB1E727072008B721E /* WoofRunner.app */ = {isa = PBXFileReference; explicitFileType = wrapper.application; includeInIndex = 0; path = WoofRunner.app; sourceTree = BUILT_PRODUCTS_DIR; };
		12A82FCE1E727072008B721E /* AppDelegate.swift */ = {isa = PBXFileReference; lastKnownFileType = sourcecode.swift; path = AppDelegate.swift; sourceTree = "<group>"; };
		12A82FD01E727072008B721E /* art.scnassets */ = {isa = PBXFileReference; lastKnownFileType = wrapper.scnassets; path = art.scnassets; sourceTree = "<group>"; };
		12A82FD71E727072008B721E /* Assets.xcassets */ = {isa = PBXFileReference; lastKnownFileType = folder.assetcatalog; path = Assets.xcassets; sourceTree = "<group>"; };
		12A82FDC1E727072008B721E /* Info.plist */ = {isa = PBXFileReference; lastKnownFileType = text.plist.xml; path = Info.plist; sourceTree = "<group>"; };
		12A856601E90FE1D00B5EB4E /* StoredGame+SaveableGame.swift */ = {isa = PBXFileReference; fileEncoding = 4; lastKnownFileType = sourcecode.swift; path = "StoredGame+SaveableGame.swift"; sourceTree = "<group>"; };
		12A856621E910CD100B5EB4E /* DisplayedGame.swift */ = {isa = PBXFileReference; fileEncoding = 4; lastKnownFileType = sourcecode.swift; path = DisplayedGame.swift; sourceTree = "<group>"; };
		12A856641E910D0B00B5EB4E /* StoredGame+DisplayedGame.swift */ = {isa = PBXFileReference; fileEncoding = 4; lastKnownFileType = sourcecode.swift; path = "StoredGame+DisplayedGame.swift"; sourceTree = "<group>"; };
		12AD18211E8969F700EF5C46 /* SaveableGame.swift */ = {isa = PBXFileReference; fileEncoding = 4; lastKnownFileType = sourcecode.swift; path = SaveableGame.swift; sourceTree = "<group>"; };
		12AD18221E8969F700EF5C46 /* SaveableObstacle.swift */ = {isa = PBXFileReference; fileEncoding = 4; lastKnownFileType = sourcecode.swift; path = SaveableObstacle.swift; sourceTree = "<group>"; };
		12AD18231E8969F700EF5C46 /* SaveablePlatform.swift */ = {isa = PBXFileReference; fileEncoding = 4; lastKnownFileType = sourcecode.swift; path = SaveablePlatform.swift; sourceTree = "<group>"; };
		12BC67EA1E89877500CD6EC7 /* LevelGrid+SaveableGame.swift */ = {isa = PBXFileReference; fileEncoding = 4; lastKnownFileType = sourcecode.swift; path = "LevelGrid+SaveableGame.swift"; sourceTree = "<group>"; };
		12C457881E8D60C200CFD541 /* PreviewGame.swift */ = {isa = PBXFileReference; fileEncoding = 4; lastKnownFileType = sourcecode.swift; path = PreviewGame.swift; sourceTree = "<group>"; };
		12CCB69B1E9A17B300C4FD45 /* DownloadGameTapGesture.swift */ = {isa = PBXFileReference; fileEncoding = 4; lastKnownFileType = sourcecode.swift; path = DownloadGameTapGesture.swift; sourceTree = "<group>"; };
		12DA42091E86699200C23137 /* LMCardViewCell.swift */ = {isa = PBXFileReference; fileEncoding = 4; lastKnownFileType = sourcecode.swift; path = LMCardViewCell.swift; sourceTree = "<group>"; };
		12DC8DB71E89254900B8A40C /* LMHomeViewModel.swift */ = {isa = PBXFileReference; fileEncoding = 4; lastKnownFileType = sourcecode.swift; path = LMHomeViewModel.swift; sourceTree = "<group>"; };
		12DC8DB91E8928FB00B8A40C /* GameStorageManager.swift */ = {isa = PBXFileReference; fileEncoding = 4; lastKnownFileType = sourcecode.swift; path = GameStorageManager.swift; sourceTree = "<group>"; };
		12EE38BF1E78E99F00D81378 /* GoogleService-Info.plist */ = {isa = PBXFileReference; fileEncoding = 4; lastKnownFileType = text.plist.xml; path = "GoogleService-Info.plist"; sourceTree = "<group>"; };
		12EE38C11E78EA1C00D81378 /* OnlineStorageManager.swift */ = {isa = PBXFileReference; fileEncoding = 4; lastKnownFileType = sourcecode.swift; path = OnlineStorageManager.swift; sourceTree = "<group>"; };
		12EFDD651E727812005C63E2 /* LaunchScreen.storyboard */ = {isa = PBXFileReference; fileEncoding = 4; lastKnownFileType = file.storyboard; path = LaunchScreen.storyboard; sourceTree = "<group>"; };
		12EFDD661E727812005C63E2 /* Main.storyboard */ = {isa = PBXFileReference; fileEncoding = 4; lastKnownFileType = file.storyboard; path = Main.storyboard; sourceTree = "<group>"; };
		12F9B60C1E9A740C00B2E4E6 /* FacebookLoginOverlay.swift */ = {isa = PBXFileReference; fileEncoding = 4; lastKnownFileType = sourcecode.swift; path = FacebookLoginOverlay.swift; sourceTree = "<group>"; };
		3138944BB9A6BF6AC4CDA580 /* Pods-WoofRunner.release.xcconfig */ = {isa = PBXFileReference; includeInIndex = 1; lastKnownFileType = text.xcconfig; name = "Pods-WoofRunner.release.xcconfig"; path = "Pods/Target Support Files/Pods-WoofRunner/Pods-WoofRunner.release.xcconfig"; sourceTree = "<group>"; };
		33BAD35EE63B83A042A840E0 /* Pods_WoofRunnerTests.framework */ = {isa = PBXFileReference; explicitFileType = wrapper.framework; includeInIndex = 0; path = Pods_WoofRunnerTests.framework; sourceTree = BUILT_PRODUCTS_DIR; };
		3F0F81B61E916B7900114CD0 /* CustomLevel.storyboard */ = {isa = PBXFileReference; fileEncoding = 4; lastKnownFileType = file.storyboard; path = CustomLevel.storyboard; sourceTree = "<group>"; };
		3F0F81B81E91707400114CD0 /* CustomLevelViewController.swift */ = {isa = PBXFileReference; fileEncoding = 4; lastKnownFileType = sourcecode.swift; path = CustomLevelViewController.swift; sourceTree = "<group>"; };
		3F0F81BA1E92974E00114CD0 /* MenuViewController.swift */ = {isa = PBXFileReference; fileEncoding = 4; lastKnownFileType = sourcecode.swift; path = MenuViewController.swift; sourceTree = "<group>"; };
		3F0F81BC1E929A7000114CD0 /* UIButton+ShadowExtension.swift */ = {isa = PBXFileReference; fileEncoding = 4; lastKnownFileType = sourcecode.swift; path = "UIButton+ShadowExtension.swift"; sourceTree = "<group>"; };
		3F0F81BE1E92BC4900114CD0 /* RenameDialogViewController.swift */ = {isa = PBXFileReference; fileEncoding = 4; lastKnownFileType = sourcecode.swift; path = RenameDialogViewController.swift; sourceTree = "<group>"; };
		3F0F81C01E9556F400114CD0 /* LevelSelectorItemButton.swift */ = {isa = PBXFileReference; fileEncoding = 4; lastKnownFileType = sourcecode.swift; path = LevelSelectorItemButton.swift; sourceTree = "<group>"; };
		3F0F81C21E955E7C00114CD0 /* LevelSelectorItemImageView.swift */ = {isa = PBXFileReference; fileEncoding = 4; lastKnownFileType = sourcecode.swift; path = LevelSelectorItemImageView.swift; sourceTree = "<group>"; };
		3F0F81C41E96935200114CD0 /* BottomMenuLabelButton.swift */ = {isa = PBXFileReference; fileEncoding = 4; lastKnownFileType = sourcecode.swift; path = BottomMenuLabelButton.swift; sourceTree = "<group>"; };
		3F0F81C61E969F0A00114CD0 /* RenameDialogViewController.xib */ = {isa = PBXFileReference; fileEncoding = 4; lastKnownFileType = file.xib; path = RenameDialogViewController.xib; sourceTree = "<group>"; };
		3F0F81D01E97269B00114CD0 /* BrushSelection.swift */ = {isa = PBXFileReference; fileEncoding = 4; lastKnownFileType = sourcecode.swift; path = BrushSelection.swift; sourceTree = "<group>"; };
		3F0F81D21E97271900114CD0 /* BrushSelectionType.swift */ = {isa = PBXFileReference; fileEncoding = 4; lastKnownFileType = sourcecode.swift; path = BrushSelectionType.swift; sourceTree = "<group>"; };
		3F0F81D41E97FA1300114CD0 /* StrokedLabel.swift */ = {isa = PBXFileReference; fileEncoding = 4; lastKnownFileType = sourcecode.swift; path = StrokedLabel.swift; sourceTree = "<group>"; };
		3F0F81D81E980F0700114CD0 /* CustomLevelSelectorViewController.swift */ = {isa = PBXFileReference; fileEncoding = 4; lastKnownFileType = sourcecode.swift; path = CustomLevelSelectorViewController.swift; sourceTree = "<group>"; };
		3F0F81DA1E980F7300114CD0 /* CustomLevelSelector.storyboard */ = {isa = PBXFileReference; fileEncoding = 4; lastKnownFileType = file.storyboard; path = CustomLevelSelector.storyboard; sourceTree = "<group>"; };
		3F0F81DC1E9813DC00114CD0 /* CustomLevelSelectorCard.swift */ = {isa = PBXFileReference; fileEncoding = 4; lastKnownFileType = sourcecode.swift; path = CustomLevelSelectorCard.swift; sourceTree = "<group>"; };
		3F0F81DE1E98140D00114CD0 /* UILabel+ShadowExtension.swift */ = {isa = PBXFileReference; fileEncoding = 4; lastKnownFileType = sourcecode.swift; path = "UILabel+ShadowExtension.swift"; sourceTree = "<group>"; };
		3F0F81E01E98151D00114CD0 /* LevelSelectorItemImageView+ShadowExtension.swift */ = {isa = PBXFileReference; fileEncoding = 4; lastKnownFileType = sourcecode.swift; path = "LevelSelectorItemImageView+ShadowExtension.swift"; sourceTree = "<group>"; };
		3F0F81E41E99639D00114CD0 /* MarketplaceLevelCard.swift */ = {isa = PBXFileReference; fileEncoding = 4; lastKnownFileType = sourcecode.swift; path = MarketplaceLevelCard.swift; sourceTree = "<group>"; };
		3F0F81E61E9964BC00114CD0 /* LevelCardView.swift */ = {isa = PBXFileReference; fileEncoding = 4; lastKnownFileType = sourcecode.swift; path = LevelCardView.swift; sourceTree = "<group>"; };
		3F2CFBAD1E8D84F300C01036 /* PreloadedLevelCard.swift */ = {isa = PBXFileReference; fileEncoding = 4; lastKnownFileType = sourcecode.swift; path = PreloadedLevelCard.swift; sourceTree = "<group>"; };
		3F7348B51E86D0D800EB1264 /* PaletteButton.swift */ = {isa = PBXFileReference; fileEncoding = 4; lastKnownFileType = sourcecode.swift; path = PaletteButton.swift; sourceTree = "<group>"; };
		3F7348B71E86D96000EB1264 /* PaletteButtonDelegate.swift */ = {isa = PBXFileReference; fileEncoding = 4; lastKnownFileType = sourcecode.swift; path = PaletteButtonDelegate.swift; sourceTree = "<group>"; };
		3F7348BB1E86DACF00EB1264 /* PaletteMenu.swift */ = {isa = PBXFileReference; fileEncoding = 4; lastKnownFileType = sourcecode.swift; path = PaletteMenu.swift; sourceTree = "<group>"; };
		3F7348BD1E86F1FA00EB1264 /* OverlayMenu.swift */ = {isa = PBXFileReference; fileEncoding = 4; lastKnownFileType = sourcecode.swift; path = OverlayMenu.swift; sourceTree = "<group>"; };
		3F7348BF1E86F39A00EB1264 /* OverlayMenuSubsection.swift */ = {isa = PBXFileReference; fileEncoding = 4; lastKnownFileType = sourcecode.swift; path = OverlayMenuSubsection.swift; sourceTree = "<group>"; };
		3F7348C31E86F89F00EB1264 /* OverlayButtonSet.swift */ = {isa = PBXFileReference; fileEncoding = 4; lastKnownFileType = sourcecode.swift; path = OverlayButtonSet.swift; sourceTree = "<group>"; };
		3F7348C51E86F95700EB1264 /* OverlayButton.swift */ = {isa = PBXFileReference; fileEncoding = 4; lastKnownFileType = sourcecode.swift; path = OverlayButton.swift; sourceTree = "<group>"; };
		3F7348C71E86FADC00EB1264 /* OverlayButtonDelegate.swift */ = {isa = PBXFileReference; fileEncoding = 4; lastKnownFileType = sourcecode.swift; path = OverlayButtonDelegate.swift; sourceTree = "<group>"; };
		3FA4B1721E880D5500D93703 /* CurrentSelectionNode.swift */ = {isa = PBXFileReference; fileEncoding = 4; lastKnownFileType = sourcecode.swift; path = CurrentSelectionNode.swift; sourceTree = "<group>"; };
		3FA4B1741E895AC500D93703 /* LevelDesignerBottomMenu.swift */ = {isa = PBXFileReference; fileEncoding = 4; lastKnownFileType = sourcecode.swift; path = LevelDesignerBottomMenu.swift; sourceTree = "<group>"; };
		3FA4B1761E89617D00D93703 /* BottomMenuButton.swift */ = {isa = PBXFileReference; fileEncoding = 4; lastKnownFileType = sourcecode.swift; path = BottomMenuButton.swift; sourceTree = "<group>"; };
		3FA4B1781E89628D00D93703 /* BottomMenuButtonDelegate.swift */ = {isa = PBXFileReference; fileEncoding = 4; lastKnownFileType = sourcecode.swift; path = BottomMenuButtonDelegate.swift; sourceTree = "<group>"; };
		3FAE2D331E7280EE00D65B84 /* Menu.storyboard */ = {isa = PBXFileReference; fileEncoding = 4; lastKnownFileType = file.storyboard; path = Menu.storyboard; sourceTree = "<group>"; };
		3FAE2D351E72818900D65B84 /* LevelSelector.storyboard */ = {isa = PBXFileReference; fileEncoding = 4; lastKnownFileType = file.storyboard; path = LevelSelector.storyboard; sourceTree = "<group>"; };
		3FAE2D371E7281CE00D65B84 /* LevelDesigner.storyboard */ = {isa = PBXFileReference; fileEncoding = 4; lastKnownFileType = file.storyboard; path = LevelDesigner.storyboard; sourceTree = "<group>"; };
		3FAE2D391E7281F400D65B84 /* Gameplay.storyboard */ = {isa = PBXFileReference; fileEncoding = 4; lastKnownFileType = file.storyboard; path = Gameplay.storyboard; sourceTree = "<group>"; };
		3FAE2D3B1E72838200D65B84 /* LevelMarketplace.storyboard */ = {isa = PBXFileReference; fileEncoding = 4; lastKnownFileType = file.storyboard; path = LevelMarketplace.storyboard; sourceTree = "<group>"; };
		3FC4B73F1EA155E60002D000 /* GameplayOverlayConstants.swift */ = {isa = PBXFileReference; fileEncoding = 4; lastKnownFileType = sourcecode.swift; path = GameplayOverlayConstants.swift; sourceTree = "<group>"; };
		3FCC89951E73E29F005A7C03 /* WoofRunner-Bridging-Header.h */ = {isa = PBXFileReference; lastKnownFileType = sourcecode.c.h; path = "WoofRunner-Bridging-Header.h"; sourceTree = "<group>"; };
		3FCC89961E73E327005A7C03 /* LevelSelectorViewController.swift */ = {isa = PBXFileReference; fileEncoding = 4; lastKnownFileType = sourcecode.swift; path = LevelSelectorViewController.swift; sourceTree = "<group>"; };
		3FCC899C1E7AD72B005A7C03 /* LevelDesignerOverlayScene.swift */ = {isa = PBXFileReference; fileEncoding = 4; lastKnownFileType = sourcecode.swift; name = LevelDesignerOverlayScene.swift; path = WoofRunner/View/LevelDesigner/LevelDesignerOverlayScene.swift; sourceTree = SOURCE_ROOT; };
		3FCC89AE1E802A45005A7C03 /* ButtonActions.swift */ = {isa = PBXFileReference; fileEncoding = 4; lastKnownFileType = sourcecode.swift; path = ButtonActions.swift; sourceTree = "<group>"; };
		3FCC89B41E804C07005A7C03 /* CustomShapeNodes.swift */ = {isa = PBXFileReference; fileEncoding = 4; lastKnownFileType = sourcecode.swift; path = CustomShapeNodes.swift; sourceTree = "<group>"; };
		3FCC89B61E810D4B005A7C03 /* PaletteFunctionType.swift */ = {isa = PBXFileReference; fileEncoding = 4; lastKnownFileType = sourcecode.swift; path = PaletteFunctionType.swift; sourceTree = "<group>"; };
		3FD5D0221E8F5BB7007573C4 /* LevelCardViewModel.swift */ = {isa = PBXFileReference; fileEncoding = 4; lastKnownFileType = sourcecode.swift; path = LevelCardViewModel.swift; sourceTree = "<group>"; };
		3FD5D0241E8FA59F007573C4 /* UIImage+ResizeExtension.swift */ = {isa = PBXFileReference; fileEncoding = 4; lastKnownFileType = sourcecode.swift; path = "UIImage+ResizeExtension.swift"; sourceTree = "<group>"; };
		3FD5D0261E8FD328007573C4 /* LDOverlayButton.swift */ = {isa = PBXFileReference; fileEncoding = 4; lastKnownFileType = sourcecode.swift; path = LDOverlayButton.swift; sourceTree = "<group>"; };
		3FD5D0281E91026E007573C4 /* BottomMenuButtonType.swift */ = {isa = PBXFileReference; fileEncoding = 4; lastKnownFileType = sourcecode.swift; path = BottomMenuButtonType.swift; sourceTree = "<group>"; };
		3FEC5FAE1E8D71270039902D /* LDOverlayDelegate.swift */ = {isa = PBXFileReference; fileEncoding = 4; lastKnownFileType = sourcecode.swift; path = LDOverlayDelegate.swift; sourceTree = "<group>"; };
		3FF229D41E9A4FAD0040F0AF /* LDOverlayMenuViewModel.swift */ = {isa = PBXFileReference; fileEncoding = 4; lastKnownFileType = sourcecode.swift; path = LDOverlayMenuViewModel.swift; sourceTree = "<group>"; };
		3FF229D81E9A8DE00040F0AF /* GameplayOverlayDelegate.swift */ = {isa = PBXFileReference; fileEncoding = 4; lastKnownFileType = sourcecode.swift; path = GameplayOverlayDelegate.swift; sourceTree = "<group>"; };
		3FF229DA1E9A8F000040F0AF /* GameplayOverlayButton.swift */ = {isa = PBXFileReference; fileEncoding = 4; lastKnownFileType = sourcecode.swift; path = GameplayOverlayButton.swift; sourceTree = "<group>"; };
		3FF229DC1E9A8F860040F0AF /* GameplayOverlayButtonDelegate.swift */ = {isa = PBXFileReference; fileEncoding = 4; lastKnownFileType = sourcecode.swift; path = GameplayOverlayButtonDelegate.swift; sourceTree = "<group>"; };
		3FF229DE1E9A98660040F0AF /* GameplayOverlayButtonType.swift */ = {isa = PBXFileReference; fileEncoding = 4; lastKnownFileType = sourcecode.swift; path = GameplayOverlayButtonType.swift; sourceTree = "<group>"; };
		3FF229E41E9CE9AB0040F0AF /* LDOverlaySceneConstants.swift */ = {isa = PBXFileReference; fileEncoding = 4; lastKnownFileType = sourcecode.swift; path = LDOverlaySceneConstants.swift; sourceTree = "<group>"; };
		4E1E111C1E7AF33F00AAC356 /* LevelDesignerViewController.swift */ = {isa = PBXFileReference; fileEncoding = 4; lastKnownFileType = sourcecode.swift; path = LevelDesignerViewController.swift; sourceTree = "<group>"; };
		4E1E111E1E7AF35400AAC356 /* LevelDesignerScene.swift */ = {isa = PBXFileReference; fileEncoding = 4; lastKnownFileType = sourcecode.swift; name = LevelDesignerScene.swift; path = WoofRunner/View/LevelDesigner/LevelDesignerScene.swift; sourceTree = SOURCE_ROOT; };
		4E1E11201E82D50D00AAC356 /* GridViewModel.swift */ = {isa = PBXFileReference; fileEncoding = 4; lastKnownFileType = sourcecode.swift; path = GridViewModel.swift; sourceTree = "<group>"; };
		4E1E11221E82F7E600AAC356 /* ReactiveGridNode.swift */ = {isa = PBXFileReference; fileEncoding = 4; lastKnownFileType = sourcecode.swift; name = ReactiveGridNode.swift; path = ../../Models/ReactiveGridNode.swift; sourceTree = "<group>"; };
		4E90FFE81E8431690012B03F /* Position.swift */ = {isa = PBXFileReference; fileEncoding = 4; lastKnownFileType = sourcecode.swift; path = Position.swift; sourceTree = "<group>"; };
		4E90FFEA1E844C5A0012B03F /* ReactiveGrid.swift */ = {isa = PBXFileReference; fileEncoding = 4; lastKnownFileType = sourcecode.swift; name = ReactiveGrid.swift; path = ../../Models/ReactiveGrid.swift; sourceTree = "<group>"; };
		4E9DB3731E8953E70023A2A8 /* LevelGrid.swift */ = {isa = PBXFileReference; fileEncoding = 4; lastKnownFileType = sourcecode.swift; path = LevelGrid.swift; sourceTree = "<group>"; };
		4E9DB3751E92EAAE0023A2A8 /* LevelGrid+Selection.swift */ = {isa = PBXFileReference; fileEncoding = 4; lastKnownFileType = sourcecode.swift; path = "LevelGrid+Selection.swift"; sourceTree = "<group>"; };
		4E9DB3771E954DC10023A2A8 /* AVAudioPlayerManager.swift */ = {isa = PBXFileReference; fileEncoding = 4; lastKnownFileType = sourcecode.swift; path = AVAudioPlayerManager.swift; sourceTree = "<group>"; };
		4EA8B1FB1E9A449300626010 /* GameplayOverlayScene.swift */ = {isa = PBXFileReference; fileEncoding = 4; lastKnownFileType = sourcecode.swift; path = GameplayOverlayScene.swift; sourceTree = "<group>"; };
		4EA8B1FF1E9A484D00626010 /* SampleGameController.swift */ = {isa = PBXFileReference; fileEncoding = 4; lastKnownFileType = sourcecode.swift; path = SampleGameController.swift; sourceTree = "<group>"; };
		4EA8B2011E9A49A400626010 /* GameplayOverlay.storyboard */ = {isa = PBXFileReference; fileEncoding = 4; lastKnownFileType = file.storyboard; path = GameplayOverlay.storyboard; sourceTree = "<group>"; };
		4EA8B2031E9A4D5D00626010 /* GameplayOverlayScene.sks */ = {isa = PBXFileReference; lastKnownFileType = file.sks; path = GameplayOverlayScene.sks; sourceTree = "<group>"; };
		81FBE97A6CC9991E780A7EF6 /* Pods_WoofRunner.framework */ = {isa = PBXFileReference; explicitFileType = wrapper.framework; includeInIndex = 0; path = Pods_WoofRunner.framework; sourceTree = BUILT_PRODUCTS_DIR; };
		931C92350C6DC35F3FB37D4E /* Pods_WoofRunnerUITests.framework */ = {isa = PBXFileReference; explicitFileType = wrapper.framework; includeInIndex = 0; path = Pods_WoofRunnerUITests.framework; sourceTree = BUILT_PRODUCTS_DIR; };
		96CE24EBBD6B9167EF8714A2 /* Pods-WoofRunner-WoofRunnerTests.release.xcconfig */ = {isa = PBXFileReference; includeInIndex = 1; lastKnownFileType = text.xcconfig; name = "Pods-WoofRunner-WoofRunnerTests.release.xcconfig"; path = "Pods/Target Support Files/Pods-WoofRunner-WoofRunnerTests/Pods-WoofRunner-WoofRunnerTests.release.xcconfig"; sourceTree = "<group>"; };
		B1A0187123DD43F203A750D3 /* Pods-WoofRunner.debug.xcconfig */ = {isa = PBXFileReference; includeInIndex = 1; lastKnownFileType = text.xcconfig; name = "Pods-WoofRunner.debug.xcconfig"; path = "Pods/Target Support Files/Pods-WoofRunner/Pods-WoofRunner.debug.xcconfig"; sourceTree = "<group>"; };
		F300361E1E967C24004C1B4F /* TileManagerDelegate.swift */ = {isa = PBXFileReference; fileEncoding = 4; lastKnownFileType = sourcecode.swift; path = TileManagerDelegate.swift; sourceTree = "<group>"; };
		F304D04C1E950D6D0021CB68 /* GameSettings.swift */ = {isa = PBXFileReference; fileEncoding = 4; lastKnownFileType = sourcecode.swift; name = GameSettings.swift; path = GameEngine/GameSettings.swift; sourceTree = "<group>"; };
		F30ABDFE1E82A7A800BD1D02 /* Array.swift */ = {isa = PBXFileReference; fileEncoding = 4; lastKnownFileType = sourcecode.swift; name = Array.swift; path = GameEngine/Array.swift; sourceTree = "<group>"; };
		F30ABE001E82AACA00BD1D02 /* PoolManager.swift */ = {isa = PBXFileReference; fileEncoding = 4; lastKnownFileType = sourcecode.swift; path = PoolManager.swift; sourceTree = "<group>"; };
		F30ABE021E82BDB300BD1D02 /* Platform.swift */ = {isa = PBXFileReference; fileEncoding = 4; lastKnownFileType = sourcecode.swift; path = Platform.swift; sourceTree = "<group>"; };
		F313D53B1E8E31BD0036FF84 /* TileDelegate.swift */ = {isa = PBXFileReference; fileEncoding = 4; lastKnownFileType = sourcecode.swift; path = TileDelegate.swift; sourceTree = "<group>"; };
		F313D53D1E8E40FD0036FF84 /* PlayerDelegate.swift */ = {isa = PBXFileReference; fileEncoding = 4; lastKnownFileType = sourcecode.swift; path = PlayerDelegate.swift; sourceTree = "<group>"; };
		F318BEBA1E87C16E005D0113 /* SCNNode.swift */ = {isa = PBXFileReference; fileEncoding = 4; lastKnownFileType = sourcecode.swift; path = SCNNode.swift; sourceTree = "<group>"; };
		F33442A81E8156F3001C1D8D /* GameController.swift */ = {isa = PBXFileReference; fileEncoding = 4; lastKnownFileType = sourcecode.swift; name = GameController.swift; path = ../GameEngine/GameController.swift; sourceTree = "<group>"; };
		F33442A91E8156F3001C1D8D /* GameEngine.swift */ = {isa = PBXFileReference; fileEncoding = 4; lastKnownFileType = sourcecode.swift; path = GameEngine.swift; sourceTree = "<group>"; };
		F33442AA1E8156F3001C1D8D /* GameObject.swift */ = {isa = PBXFileReference; fileEncoding = 4; lastKnownFileType = sourcecode.swift; path = GameObject.swift; sourceTree = "<group>"; };
		F33442AB1E8156F3001C1D8D /* GestureDelegate.swift */ = {isa = PBXFileReference; fileEncoding = 4; lastKnownFileType = sourcecode.swift; path = GestureDelegate.swift; sourceTree = "<group>"; };
		F33442B01E8156F3001C1D8D /* SCNVector3.swift */ = {isa = PBXFileReference; fileEncoding = 4; lastKnownFileType = sourcecode.swift; path = SCNVector3.swift; sourceTree = "<group>"; };
		F33442B31E8156F3001C1D8D /* World.swift */ = {isa = PBXFileReference; fileEncoding = 4; lastKnownFileType = sourcecode.swift; path = World.swift; sourceTree = "<group>"; };
		F33442C21E815BFE001C1D8D /* Camera.swift */ = {isa = PBXFileReference; fileEncoding = 4; lastKnownFileType = sourcecode.swift; path = Camera.swift; sourceTree = "<group>"; };
		F33442C31E815BFE001C1D8D /* Obstacle.swift */ = {isa = PBXFileReference; fileEncoding = 4; lastKnownFileType = sourcecode.swift; path = Obstacle.swift; sourceTree = "<group>"; };
		F33442C51E815BFE001C1D8D /* TileManager.swift */ = {isa = PBXFileReference; fileEncoding = 4; lastKnownFileType = sourcecode.swift; path = TileManager.swift; sourceTree = "<group>"; };
		F33442C61E815BFE001C1D8D /* Player.swift */ = {isa = PBXFileReference; fileEncoding = 4; lastKnownFileType = sourcecode.swift; path = Player.swift; sourceTree = "<group>"; };
		F33442C71E815BFE001C1D8D /* TestCube.swift */ = {isa = PBXFileReference; fileEncoding = 4; lastKnownFileType = sourcecode.swift; path = TestCube.swift; sourceTree = "<group>"; };
		F33442C81E815BFE001C1D8D /* Tile.swift */ = {isa = PBXFileReference; fileEncoding = 4; lastKnownFileType = sourcecode.swift; path = Tile.swift; sourceTree = "<group>"; };
		F33754E61E97812D00839AFD /* TileModel.swift */ = {isa = PBXFileReference; fileEncoding = 4; lastKnownFileType = sourcecode.swift; path = TileModel.swift; sourceTree = "<group>"; };
		F33754E81E9784F900839AFD /* PlatformBehaviour.swift */ = {isa = PBXFileReference; fileEncoding = 4; lastKnownFileType = sourcecode.swift; name = PlatformBehaviour.swift; path = ../../Models/PlatformBehaviour.swift; sourceTree = "<group>"; };
		F33754EA1E97851F00839AFD /* ObstacleBehaviour.swift */ = {isa = PBXFileReference; fileEncoding = 4; lastKnownFileType = sourcecode.swift; name = ObstacleBehaviour.swift; path = ../../Models/ObstacleBehaviour.swift; sourceTree = "<group>"; };
		F33754EC1E97859600839AFD /* PlatformModel.swift */ = {isa = PBXFileReference; fileEncoding = 4; lastKnownFileType = sourcecode.swift; path = PlatformModel.swift; sourceTree = "<group>"; };
		F33754EE1E9786E400839AFD /* ObstacleModel.swift */ = {isa = PBXFileReference; fileEncoding = 4; lastKnownFileType = sourcecode.swift; path = ObstacleModel.swift; sourceTree = "<group>"; };
		F33754F01E97886D00839AFD /* TileModelFactory.swift */ = {isa = PBXFileReference; fileEncoding = 4; lastKnownFileType = sourcecode.swift; path = TileModelFactory.swift; sourceTree = "<group>"; };
		F34DEDBC1E8D41DD00BB8CA7 /* DeadTriggerPlatform.swift */ = {isa = PBXFileReference; fileEncoding = 4; lastKnownFileType = sourcecode.swift; path = DeadTriggerPlatform.swift; sourceTree = "<group>"; };
		F34DEDBE1E8D608900BB8CA7 /* Trigger.swift */ = {isa = PBXFileReference; fileEncoding = 4; lastKnownFileType = sourcecode.swift; path = Trigger.swift; sourceTree = "<group>"; };
		F34DEDC21E8D6A1F00BB8CA7 /* JumpPlatform.swift */ = {isa = PBXFileReference; fileEncoding = 4; lastKnownFileType = sourcecode.swift; path = JumpPlatform.swift; sourceTree = "<group>"; };
		F34DEDC41E8D744C00BB8CA7 /* CollisionType.swift */ = {isa = PBXFileReference; fileEncoding = 4; lastKnownFileType = sourcecode.swift; path = CollisionType.swift; sourceTree = "<group>"; };
		F34DEDC61E8D754D00BB8CA7 /* JumpingObstacle.swift */ = {isa = PBXFileReference; fileEncoding = 4; lastKnownFileType = sourcecode.swift; path = JumpingObstacle.swift; sourceTree = "<group>"; };
		F39DF6081E93C6AA00A72CF0 /* TileFactory.swift */ = {isa = PBXFileReference; fileEncoding = 4; lastKnownFileType = sourcecode.swift; name = TileFactory.swift; path = GameEngine/GameObjects/TileFactory.swift; sourceTree = "<group>"; };
		F39DF60A1E940DA300A72CF0 /* MovingPlatform.swift */ = {isa = PBXFileReference; fileEncoding = 4; lastKnownFileType = sourcecode.swift; path = MovingPlatform.swift; sourceTree = "<group>"; };
		F3A73C6B1E95493F00B65435 /* CGFloat.swift */ = {isa = PBXFileReference; fileEncoding = 4; lastKnownFileType = sourcecode.swift; name = CGFloat.swift; path = GameEngine/CGFloat.swift; sourceTree = "<group>"; };
		F3E51D3D1E92917D001FBAB2 /* RotatingObstacle.swift */ = {isa = PBXFileReference; fileEncoding = 4; lastKnownFileType = sourcecode.swift; path = RotatingObstacle.swift; sourceTree = "<group>"; };
/* End PBXFileReference section */

/* Begin PBXFrameworksBuildPhase section */
		12A82FC81E727071008B721E /* Frameworks */ = {
			isa = PBXFrameworksBuildPhase;
			buildActionMask = 2147483647;
			files = (
				521E5E09B25B2C872282EF0B /* Pods_WoofRunner.framework in Frameworks */,
			);
			runOnlyForDeploymentPostprocessing = 0;
		};
/* End PBXFrameworksBuildPhase section */

/* Begin PBXGroup section */
		120208031E7449FB0066BD4C /* Storage */ = {
			isa = PBXGroup;
			children = (
				12A856601E90FE1D00B5EB4E /* StoredGame+SaveableGame.swift */,
				127898871E8A494D00E937E0 /* StoredGame+LoadableGame.swift */,
				12A856641E910D0B00B5EB4E /* StoredGame+DisplayedGame.swift */,
				12DC8DB91E8928FB00B8A40C /* GameStorageManager.swift */,
				120208041E744A420066BD4C /* CoreDataManager.swift */,
				12EE38C11E78EA1C00D81378 /* OnlineStorageManager.swift */,
				12C457881E8D60C200CFD541 /* PreviewGame.swift */,
				127898891E8A496000E937E0 /* LoadableGame.swift */,
				12AD18211E8969F700EF5C46 /* SaveableGame.swift */,
				12AD18221E8969F700EF5C46 /* SaveableObstacle.swift */,
				12AD18231E8969F700EF5C46 /* SaveablePlatform.swift */,
				12A0514C1E91641800724147 /* WoofRunner.xcdatamodeld */,
			);
			path = Storage;
			sourceTree = "<group>";
		};
		126F50F81E7272AA000877F1 /* Models */ = {
			isa = PBXGroup;
			children = (
				3FF229D41E9A4FAD0040F0AF /* LDOverlayMenuViewModel.swift */,
				F33754E51E97811F00839AFD /* TileModel */,
				4E90FFE81E8431690012B03F /* Position.swift */,
				12DC8DB71E89254900B8A40C /* LMHomeViewModel.swift */,
				4E1E11201E82D50D00AAC356 /* GridViewModel.swift */,
				4E9DB3731E8953E70023A2A8 /* LevelGrid.swift */,
				4E9DB3751E92EAAE0023A2A8 /* LevelGrid+Selection.swift */,
				12BC67EA1E89877500CD6EC7 /* LevelGrid+SaveableGame.swift */,
				12A856621E910CD100B5EB4E /* DisplayedGame.swift */,
				3FD5D0221E8F5BB7007573C4 /* LevelCardViewModel.swift */,
			);
			path = Models;
			sourceTree = "<group>";
		};
		126F50F91E7272B8000877F1 /* ViewControllers */ = {
			isa = PBXGroup;
			children = (
				F33442A81E8156F3001C1D8D /* GameController.swift */,
				4E1E111C1E7AF33F00AAC356 /* LevelDesignerViewController.swift */,
				3FCC89961E73E327005A7C03 /* LevelSelectorViewController.swift */,
				121A44EA1E864AF900F3EAA8 /* LMHomeViewController.swift */,
				3F0F81B81E91707400114CD0 /* CustomLevelViewController.swift */,
				3F0F81BA1E92974E00114CD0 /* MenuViewController.swift */,
				3F0F81BE1E92BC4900114CD0 /* RenameDialogViewController.swift */,
				3F0F81D81E980F0700114CD0 /* CustomLevelSelectorViewController.swift */,
			);
			path = ViewControllers;
			sourceTree = "<group>";
		};
		126F50FB1E7272C2000877F1 /* View */ = {
			isa = PBXGroup;
			children = (
				4EA8B1FA1E9A444E00626010 /* GameplayUI */,
				3F0F81CD1E96C2B600114CD0 /* LevelSelector */,
				3F0F81C91E96C1B200114CD0 /* LevelDesigner */,
				3FCC89B41E804C07005A7C03 /* CustomShapeNodes.swift */,
				3FCC89AE1E802A45005A7C03 /* ButtonActions.swift */,
				12DA42091E86699200C23137 /* LMCardViewCell.swift */,
				3FD5D0241E8FA59F007573C4 /* UIImage+ResizeExtension.swift */,
				12F9B60C1E9A740C00B2E4E6 /* FacebookLoginOverlay.swift */,
			);
			path = View;
			sourceTree = "<group>";
		};
		126F50FC1E727319000877F1 /* Resources */ = {
			isa = PBXGroup;
			children = (
				12A82FD01E727072008B721E /* art.scnassets */,
				12A82FD71E727072008B721E /* Assets.xcassets */,
			);
			path = Resources;
			sourceTree = "<group>";
		};
		126F50FD1E727332000877F1 /* Application */ = {
			isa = PBXGroup;
			children = (
				12A82FCE1E727072008B721E /* AppDelegate.swift */,
				120208011E7448710066BD4C /* CoreDataStack.swift */,
			);
			path = Application;
			sourceTree = "<group>";
		};
		126F50FE1E727355000877F1 /* Utilities */ = {
			isa = PBXGroup;
			children = (
				3FCC89B61E810D4B005A7C03 /* PaletteFunctionType.swift */,
				3F7348B71E86D96000EB1264 /* PaletteButtonDelegate.swift */,
				3F7348C71E86FADC00EB1264 /* OverlayButtonDelegate.swift */,
				3FA4B1781E89628D00D93703 /* BottomMenuButtonDelegate.swift */,
				3FEC5FAE1E8D71270039902D /* LDOverlayDelegate.swift */,
				3FD5D0261E8FD328007573C4 /* LDOverlayButton.swift */,
				3FD5D0281E91026E007573C4 /* BottomMenuButtonType.swift */,
				3F0F81BC1E929A7000114CD0 /* UIButton+ShadowExtension.swift */,
				4E9DB3771E954DC10023A2A8 /* AVAudioPlayerManager.swift */,
				3F0F81D01E97269B00114CD0 /* BrushSelection.swift */,
				3F0F81D21E97271900114CD0 /* BrushSelectionType.swift */,
				3F0F81DE1E98140D00114CD0 /* UILabel+ShadowExtension.swift */,
				3F0F81E01E98151D00114CD0 /* LevelSelectorItemImageView+ShadowExtension.swift */,
				12CCB69B1E9A17B300C4FD45 /* DownloadGameTapGesture.swift */,
				120B70871E9B7C0000E55C2B /* AuthManager.swift */,
				3F0F81D41E97FA1300114CD0 /* StrokedLabel.swift */,
				3FF229D81E9A8DE00040F0AF /* GameplayOverlayDelegate.swift */,
				3FF229DC1E9A8F860040F0AF /* GameplayOverlayButtonDelegate.swift */,
				3FF229DE1E9A98660040F0AF /* GameplayOverlayButtonType.swift */,
				3FF229E41E9CE9AB0040F0AF /* LDOverlaySceneConstants.swift */,
				3FC4B73F1EA155E60002D000 /* GameplayOverlayConstants.swift */,
			);
			path = Utilities;
			sourceTree = "<group>";
		};
		126F50FF1E72736E000877F1 /* Storyboards */ = {
			isa = PBXGroup;
			children = (
				12EFDD651E727812005C63E2 /* LaunchScreen.storyboard */,
				12EFDD661E727812005C63E2 /* Main.storyboard */,
				3FAE2D331E7280EE00D65B84 /* Menu.storyboard */,
				3FAE2D351E72818900D65B84 /* LevelSelector.storyboard */,
				3F0F81DA1E980F7300114CD0 /* CustomLevelSelector.storyboard */,
				3FAE2D371E7281CE00D65B84 /* LevelDesigner.storyboard */,
				3FAE2D391E7281F400D65B84 /* Gameplay.storyboard */,
				3FAE2D3B1E72838200D65B84 /* LevelMarketplace.storyboard */,
				3F0F81B61E916B7900114CD0 /* CustomLevel.storyboard */,
				3F0F81C61E969F0A00114CD0 /* RenameDialogViewController.xib */,
				4EA8B2011E9A49A400626010 /* GameplayOverlay.storyboard */,
			);
			path = Storyboards;
			sourceTree = "<group>";
		};
		12A82FC21E727071008B721E = {
			isa = PBXGroup;
			children = (
				12A82FCD1E727072008B721E /* WoofRunner */,
				12A82FCC1E727072008B721E /* Products */,
				3D56D0FB756B43BA7BA5F70B /* Pods */,
				B5450BA918CCF667253FFC7B /* Frameworks */,
			);
			sourceTree = "<group>";
		};
		12A82FCC1E727072008B721E /* Products */ = {
			isa = PBXGroup;
			children = (
				12A82FCB1E727072008B721E /* WoofRunner.app */,
			);
			name = Products;
			sourceTree = "<group>";
		};
		12A82FCD1E727072008B721E /* WoofRunner */ = {
			isa = PBXGroup;
			children = (
				F3A73C6D1E954A4600B65435 /* Extension */,
				F304D04C1E950D6D0021CB68 /* GameSettings.swift */,
				F33754F01E97886D00839AFD /* TileModelFactory.swift */,
				F39DF6081E93C6AA00A72CF0 /* TileFactory.swift */,
				F33442A61E8156F3001C1D8D /* GameEngine */,
				126F50FD1E727332000877F1 /* Application */,
				126F50FB1E7272C2000877F1 /* View */,
				126F50FF1E72736E000877F1 /* Storyboards */,
				126F50F91E7272B8000877F1 /* ViewControllers */,
				126F50F81E7272AA000877F1 /* Models */,
				120208031E7449FB0066BD4C /* Storage */,
				126F50FC1E727319000877F1 /* Resources */,
				126F50FE1E727355000877F1 /* Utilities */,
				12A82FDC1E727072008B721E /* Info.plist */,
				12EE38BF1E78E99F00D81378 /* GoogleService-Info.plist */,
				3FCC89951E73E29F005A7C03 /* WoofRunner-Bridging-Header.h */,
			);
			path = WoofRunner;
			sourceTree = "<group>";
		};
		3D56D0FB756B43BA7BA5F70B /* Pods */ = {
			isa = PBXGroup;
			children = (
				B1A0187123DD43F203A750D3 /* Pods-WoofRunner.debug.xcconfig */,
				3138944BB9A6BF6AC4CDA580 /* Pods-WoofRunner.release.xcconfig */,
				96CE24EBBD6B9167EF8714A2 /* Pods-WoofRunner-WoofRunnerTests.release.xcconfig */,
			);
			name = Pods;
			sourceTree = "<group>";
		};
		3F0F81C81E96C1A900114CD0 /* OverlayMenu */ = {
			isa = PBXGroup;
			children = (
				3F7348BD1E86F1FA00EB1264 /* OverlayMenu.swift */,
				3F7348BF1E86F39A00EB1264 /* OverlayMenuSubsection.swift */,
				3F7348C31E86F89F00EB1264 /* OverlayButtonSet.swift */,
				3F7348C51E86F95700EB1264 /* OverlayButton.swift */,
			);
			path = OverlayMenu;
			sourceTree = "<group>";
		};
		3F0F81C91E96C1B200114CD0 /* LevelDesigner */ = {
			isa = PBXGroup;
			children = (
				3FCC899C1E7AD72B005A7C03 /* LevelDesignerOverlayScene.swift */,
				4E1E111E1E7AF35400AAC356 /* LevelDesignerScene.swift */,
				4E1E11221E82F7E600AAC356 /* ReactiveGridNode.swift */,
				4E90FFEA1E844C5A0012B03F /* ReactiveGrid.swift */,
				3F0F81CC1E96C21F00114CD0 /* SelectionMenu */,
				3F0F81CB1E96C20600114CD0 /* BottomMenu */,
				3F0F81CA1E96C1CF00114CD0 /* PaletteMenu */,
				3F0F81C81E96C1A900114CD0 /* OverlayMenu */,
			);
			path = LevelDesigner;
			sourceTree = "<group>";
		};
		3F0F81CA1E96C1CF00114CD0 /* PaletteMenu */ = {
			isa = PBXGroup;
			children = (
				3F7348B51E86D0D800EB1264 /* PaletteButton.swift */,
				3F7348BB1E86DACF00EB1264 /* PaletteMenu.swift */,
			);
			path = PaletteMenu;
			sourceTree = "<group>";
		};
		3F0F81CB1E96C20600114CD0 /* BottomMenu */ = {
			isa = PBXGroup;
			children = (
				3FA4B1761E89617D00D93703 /* BottomMenuButton.swift */,
				3F0F81C41E96935200114CD0 /* BottomMenuLabelButton.swift */,
				3FA4B1741E895AC500D93703 /* LevelDesignerBottomMenu.swift */,
			);
			path = BottomMenu;
			sourceTree = "<group>";
		};
		3F0F81CC1E96C21F00114CD0 /* SelectionMenu */ = {
			isa = PBXGroup;
			children = (
				3FA4B1721E880D5500D93703 /* CurrentSelectionNode.swift */,
			);
			path = SelectionMenu;
			sourceTree = "<group>";
		};
		3F0F81CD1E96C2B600114CD0 /* LevelSelector */ = {
			isa = PBXGroup;
			children = (
				3F2CFBAD1E8D84F300C01036 /* PreloadedLevelCard.swift */,
				3F0F81E61E9964BC00114CD0 /* LevelCardView.swift */,
				3F0F81C01E9556F400114CD0 /* LevelSelectorItemButton.swift */,
				3F0F81C21E955E7C00114CD0 /* LevelSelectorItemImageView.swift */,
				3F0F81DC1E9813DC00114CD0 /* CustomLevelSelectorCard.swift */,
				3F0F81E41E99639D00114CD0 /* MarketplaceLevelCard.swift */,
			);
			path = LevelSelector;
			sourceTree = "<group>";
		};
		4EA8B1FA1E9A444E00626010 /* GameplayUI */ = {
			isa = PBXGroup;
			children = (
				4EA8B1FB1E9A449300626010 /* GameplayOverlayScene.swift */,
				4EA8B1FF1E9A484D00626010 /* SampleGameController.swift */,
				4EA8B2031E9A4D5D00626010 /* GameplayOverlayScene.sks */,
				3FF229DA1E9A8F000040F0AF /* GameplayOverlayButton.swift */,
			);
			path = GameplayUI;
			sourceTree = "<group>";
		};
		B5450BA918CCF667253FFC7B /* Frameworks */ = {
			isa = PBXGroup;
			children = (
				81FBE97A6CC9991E780A7EF6 /* Pods_WoofRunner.framework */,
				33BAD35EE63B83A042A840E0 /* Pods_WoofRunnerTests.framework */,
				931C92350C6DC35F3FB37D4E /* Pods_WoofRunnerUITests.framework */,
			);
			name = Frameworks;
			sourceTree = "<group>";
		};
		F33442A61E8156F3001C1D8D /* GameEngine */ = {
			isa = PBXGroup;
			children = (
				F33442A91E8156F3001C1D8D /* GameEngine.swift */,
				F33442AA1E8156F3001C1D8D /* GameObject.swift */,
				F33442AB1E8156F3001C1D8D /* GestureDelegate.swift */,
				F33442B01E8156F3001C1D8D /* SCNVector3.swift */,
				F33442B31E8156F3001C1D8D /* World.swift */,
				F318BEBA1E87C16E005D0113 /* SCNNode.swift */,
				F34DEDC41E8D744C00BB8CA7 /* CollisionType.swift */,
				F33442C11E815BAE001C1D8D /* GameObjects */,
			);
			path = GameEngine;
			sourceTree = "<group>";
		};
		F33442C11E815BAE001C1D8D /* GameObjects */ = {
			isa = PBXGroup;
			children = (
				F34DEDB71E8D354900BB8CA7 /* Tile */,
				F33442C21E815BFE001C1D8D /* Camera.swift */,
				F33442C61E815BFE001C1D8D /* Player.swift */,
				F313D53D1E8E40FD0036FF84 /* PlayerDelegate.swift */,
				F33442C51E815BFE001C1D8D /* TileManager.swift */,
				F300361E1E967C24004C1B4F /* TileManagerDelegate.swift */,
				F30ABE001E82AACA00BD1D02 /* PoolManager.swift */,
				F33442C71E815BFE001C1D8D /* TestCube.swift */,
				F34DEDBE1E8D608900BB8CA7 /* Trigger.swift */,
			);
			path = GameObjects;
			sourceTree = "<group>";
		};
		F33754E51E97811F00839AFD /* TileModel */ = {
			isa = PBXGroup;
			children = (
				F33754E61E97812D00839AFD /* TileModel.swift */,
				F33754EC1E97859600839AFD /* PlatformModel.swift */,
				F33754EE1E9786E400839AFD /* ObstacleModel.swift */,
			);
			name = TileModel;
			sourceTree = "<group>";
		};
		F34DEDB71E8D354900BB8CA7 /* Tile */ = {
			isa = PBXGroup;
			children = (
				F33442C81E815BFE001C1D8D /* Tile.swift */,
				F313D53B1E8E31BD0036FF84 /* TileDelegate.swift */,
				F34DEDB81E8D356A00BB8CA7 /* Platform */,
				F34DEDB91E8D357700BB8CA7 /* Obstacle */,
			);
			name = Tile;
			sourceTree = "<group>";
		};
		F34DEDB81E8D356A00BB8CA7 /* Platform */ = {
			isa = PBXGroup;
			children = (
				F33754E81E9784F900839AFD /* PlatformBehaviour.swift */,
				F30ABE021E82BDB300BD1D02 /* Platform.swift */,
				F39DF60A1E940DA300A72CF0 /* MovingPlatform.swift */,
				F34DEDC21E8D6A1F00BB8CA7 /* JumpPlatform.swift */,
				F34DEDBC1E8D41DD00BB8CA7 /* DeadTriggerPlatform.swift */,
			);
			name = Platform;
			sourceTree = "<group>";
		};
		F34DEDB91E8D357700BB8CA7 /* Obstacle */ = {
			isa = PBXGroup;
			children = (
				F33754EA1E97851F00839AFD /* ObstacleBehaviour.swift */,
				F33442C31E815BFE001C1D8D /* Obstacle.swift */,
				F3E51D3D1E92917D001FBAB2 /* RotatingObstacle.swift */,
				F34DEDC61E8D754D00BB8CA7 /* JumpingObstacle.swift */,
			);
			name = Obstacle;
			sourceTree = "<group>";
		};
		F3A73C6D1E954A4600B65435 /* Extension */ = {
			isa = PBXGroup;
			children = (
				F3A73C6B1E95493F00B65435 /* CGFloat.swift */,
				F30ABDFE1E82A7A800BD1D02 /* Array.swift */,
			);
			name = Extension;
			sourceTree = "<group>";
		};
/* End PBXGroup section */

/* Begin PBXNativeTarget section */
		12A82FCA1E727071008B721E /* WoofRunner */ = {
			isa = PBXNativeTarget;
			buildConfigurationList = 12A82FF51E727072008B721E /* Build configuration list for PBXNativeTarget "WoofRunner" */;
			buildPhases = (
				39823CA0FE9AC457F077A5C1 /* [CP] Check Pods Manifest.lock */,
				12A82FC71E727071008B721E /* Sources */,
				12A82FC81E727071008B721E /* Frameworks */,
				12A82FC91E727071008B721E /* Resources */,
				3E5F84EF5CFC2EE766ADE597 /* [CP] Embed Pods Frameworks */,
				28BB800DEA7E2C86D5777F6F /* [CP] Copy Pods Resources */,
			);
			buildRules = (
			);
			dependencies = (
			);
			name = WoofRunner;
			productName = WoofRunner;
			productReference = 12A82FCB1E727072008B721E /* WoofRunner.app */;
			productType = "com.apple.product-type.application";
		};
/* End PBXNativeTarget section */

/* Begin PBXProject section */
		12A82FC31E727071008B721E /* Project object */ = {
			isa = PBXProject;
			attributes = {
				LastSwiftUpdateCheck = 0820;
				LastUpgradeCheck = 0820;
				ORGANIZATIONNAME = WoofRunner;
				TargetAttributes = {
					12A82FCA1E727071008B721E = {
						CreatedOnToolsVersion = 8.2.1;
						DevelopmentTeam = W76H98A34A;
						ProvisioningStyle = Automatic;
					};
				};
			};
			buildConfigurationList = 12A82FC61E727071008B721E /* Build configuration list for PBXProject "WoofRunner" */;
			compatibilityVersion = "Xcode 3.2";
			developmentRegion = English;
			hasScannedForEncodings = 0;
			knownRegions = (
				en,
				Base,
			);
			mainGroup = 12A82FC21E727071008B721E;
			productRefGroup = 12A82FCC1E727072008B721E /* Products */;
			projectDirPath = "";
			projectRoot = "";
			targets = (
				12A82FCA1E727071008B721E /* WoofRunner */,
			);
		};
/* End PBXProject section */

/* Begin PBXResourcesBuildPhase section */
		12A82FC91E727071008B721E /* Resources */ = {
			isa = PBXResourcesBuildPhase;
			buildActionMask = 2147483647;
			files = (
				3FAE2D341E7280EE00D65B84 /* Menu.storyboard in Resources */,
				3F0F81B71E916B7900114CD0 /* CustomLevel.storyboard in Resources */,
				12EFDD671E727812005C63E2 /* LaunchScreen.storyboard in Resources */,
				3FAE2D3A1E7281F400D65B84 /* Gameplay.storyboard in Resources */,
				4EA8B2021E9A49A400626010 /* GameplayOverlay.storyboard in Resources */,
				3FAE2D361E72818900D65B84 /* LevelSelector.storyboard in Resources */,
				3F0F81DB1E980F7300114CD0 /* CustomLevelSelector.storyboard in Resources */,
				4EA8B2041E9A4D5D00626010 /* GameplayOverlayScene.sks in Resources */,
				3FAE2D3C1E72838200D65B84 /* LevelMarketplace.storyboard in Resources */,
				12A82FD11E727072008B721E /* art.scnassets in Resources */,
				12A82FD81E727072008B721E /* Assets.xcassets in Resources */,
				12EE38C01E78E99F00D81378 /* GoogleService-Info.plist in Resources */,
				3F0F81C71E969F0A00114CD0 /* RenameDialogViewController.xib in Resources */,
				3FAE2D381E7281CE00D65B84 /* LevelDesigner.storyboard in Resources */,
				12EFDD681E727812005C63E2 /* Main.storyboard in Resources */,
			);
			runOnlyForDeploymentPostprocessing = 0;
		};
/* End PBXResourcesBuildPhase section */

/* Begin PBXShellScriptBuildPhase section */
		28BB800DEA7E2C86D5777F6F /* [CP] Copy Pods Resources */ = {
			isa = PBXShellScriptBuildPhase;
			buildActionMask = 2147483647;
			files = (
			);
			inputPaths = (
			);
			name = "[CP] Copy Pods Resources";
			outputPaths = (
			);
			runOnlyForDeploymentPostprocessing = 0;
			shellPath = /bin/sh;
			shellScript = "\"${SRCROOT}/Pods/Target Support Files/Pods-WoofRunner/Pods-WoofRunner-resources.sh\"\n";
			showEnvVarsInLog = 0;
		};
		39823CA0FE9AC457F077A5C1 /* [CP] Check Pods Manifest.lock */ = {
			isa = PBXShellScriptBuildPhase;
			buildActionMask = 2147483647;
			files = (
			);
			inputPaths = (
			);
			name = "[CP] Check Pods Manifest.lock";
			outputPaths = (
			);
			runOnlyForDeploymentPostprocessing = 0;
			shellPath = /bin/sh;
			shellScript = "diff \"${PODS_ROOT}/../Podfile.lock\" \"${PODS_ROOT}/Manifest.lock\" > /dev/null\nif [ $? != 0 ] ; then\n    # print error to STDERR\n    echo \"error: The sandbox is not in sync with the Podfile.lock. Run 'pod install' or update your CocoaPods installation.\" >&2\n    exit 1\nfi\n";
			showEnvVarsInLog = 0;
		};
		3E5F84EF5CFC2EE766ADE597 /* [CP] Embed Pods Frameworks */ = {
			isa = PBXShellScriptBuildPhase;
			buildActionMask = 12;
			files = (
			);
			inputPaths = (
			);
			name = "[CP] Embed Pods Frameworks";
			outputPaths = (
			);
			runOnlyForDeploymentPostprocessing = 0;
			shellPath = /bin/sh;
			shellScript = "\"${SRCROOT}/Pods/Target Support Files/Pods-WoofRunner/Pods-WoofRunner-frameworks.sh\"\n";
			showEnvVarsInLog = 0;
		};
/* End PBXShellScriptBuildPhase section */

/* Begin PBXSourcesBuildPhase section */
		12A82FC71E727071008B721E /* Sources */ = {
			isa = PBXSourcesBuildPhase;
			buildActionMask = 2147483647;
			files = (
				12EE38C21E78EA1C00D81378 /* OnlineStorageManager.swift in Sources */,
				12DC8DBA1E8928FB00B8A40C /* GameStorageManager.swift in Sources */,
				3F0F81C31E955E7C00114CD0 /* LevelSelectorItemImageView.swift in Sources */,
				120208021E7448710066BD4C /* CoreDataStack.swift in Sources */,
				3FC4B7401EA155E60002D000 /* GameplayOverlayConstants.swift in Sources */,
				3FD5D0231E8F5BB7007573C4 /* LevelCardViewModel.swift in Sources */,
				3FF229E51E9CE9AB0040F0AF /* LDOverlaySceneConstants.swift in Sources */,
				121A44EB1E864AF900F3EAA8 /* LMHomeViewController.swift in Sources */,
				3FA4B1731E880D5500D93703 /* CurrentSelectionNode.swift in Sources */,
				3FEC5FAF1E8D71270039902D /* LDOverlayDelegate.swift in Sources */,
				3F0F81DD1E9813DC00114CD0 /* CustomLevelSelectorCard.swift in Sources */,
				120208051E744A420066BD4C /* CoreDataManager.swift in Sources */,
				4EA8B2001E9A484D00626010 /* SampleGameController.swift in Sources */,
				3F0F81C11E9556F400114CD0 /* LevelSelectorItemButton.swift in Sources */,
				3FD5D0251E8FA59F007573C4 /* UIImage+ResizeExtension.swift in Sources */,
				4E9DB3741E8953E70023A2A8 /* LevelGrid.swift in Sources */,
				3FCC89B51E804C07005A7C03 /* CustomShapeNodes.swift in Sources */,
				12BC67EB1E89877500CD6EC7 /* LevelGrid+SaveableGame.swift in Sources */,
				3F0F81D11E97269B00114CD0 /* BrushSelection.swift in Sources */,
				3FCC89AF1E802A45005A7C03 /* ButtonActions.swift in Sources */,
				F304D04D1E950D6D0021CB68 /* GameSettings.swift in Sources */,
				F33442B61E8156F3001C1D8D /* GameEngine.swift in Sources */,
				3F7348C01E86F39A00EB1264 /* OverlayMenuSubsection.swift in Sources */,
				3F0F81D91E980F0700114CD0 /* CustomLevelSelectorViewController.swift in Sources */,
				3F2CFBAE1E8D84F300C01036 /* PreloadedLevelCard.swift in Sources */,
				120B70881E9B7C0000E55C2B /* AuthManager.swift in Sources */,
				12A856631E910CD100B5EB4E /* DisplayedGame.swift in Sources */,
				F33442CA1E815BFE001C1D8D /* Obstacle.swift in Sources */,
				F33442B71E8156F3001C1D8D /* GameObject.swift in Sources */,
				F33442CC1E815BFE001C1D8D /* TileManager.swift in Sources */,
				12CCB69C1E9A17B300C4FD45 /* DownloadGameTapGesture.swift in Sources */,
				F30ABDFF1E82A7A800BD1D02 /* Array.swift in Sources */,
				F30ABE031E82BDB300BD1D02 /* Platform.swift in Sources */,
				3FD5D0291E91026E007573C4 /* BottomMenuButtonType.swift in Sources */,
				3F0F81D31E97271900114CD0 /* BrushSelectionType.swift in Sources */,
				4E9DB3781E954DC10023A2A8 /* AVAudioPlayerManager.swift in Sources */,
				12DC8DB81E89254900B8A40C /* LMHomeViewModel.swift in Sources */,
				F34DEDBF1E8D608900BB8CA7 /* Trigger.swift in Sources */,
				F33754F11E97886D00839AFD /* TileModelFactory.swift in Sources */,
				3F0F81BF1E92BC4900114CD0 /* RenameDialogViewController.swift in Sources */,
				3F0F81BB1E92974E00114CD0 /* MenuViewController.swift in Sources */,
				F33754ED1E97859600839AFD /* PlatformModel.swift in Sources */,
				F313D53C1E8E31BD0036FF84 /* TileDelegate.swift in Sources */,
				F33754EF1E9786E400839AFD /* ObstacleModel.swift in Sources */,
				3F0F81E51E99639D00114CD0 /* MarketplaceLevelCard.swift in Sources */,
				3F7348C61E86F95700EB1264 /* OverlayButton.swift in Sources */,
				3F0F81C51E96935200114CD0 /* BottomMenuLabelButton.swift in Sources */,
				F33442CD1E815BFE001C1D8D /* Player.swift in Sources */,
				12C457891E8D60C200CFD541 /* PreviewGame.swift in Sources */,
				3F0F81E11E98151D00114CD0 /* LevelSelectorItemImageView+ShadowExtension.swift in Sources */,
				3F0F81E71E9964BC00114CD0 /* LevelCardView.swift in Sources */,
				F33442BD1E8156F3001C1D8D /* SCNVector3.swift in Sources */,
				F33754EB1E97851F00839AFD /* ObstacleBehaviour.swift in Sources */,
				F33442B51E8156F3001C1D8D /* GameController.swift in Sources */,
				3F7348C81E86FADC00EB1264 /* OverlayButtonDelegate.swift in Sources */,
				F33442CE1E815BFE001C1D8D /* TestCube.swift in Sources */,
				F33442C01E8156F3001C1D8D /* World.swift in Sources */,
				F30ABE011E82AACA00BD1D02 /* PoolManager.swift in Sources */,
				F34DEDC31E8D6A1F00BB8CA7 /* JumpPlatform.swift in Sources */,
				127898881E8A494D00E937E0 /* StoredGame+LoadableGame.swift in Sources */,
				3FCC899D1E7AD72B005A7C03 /* LevelDesignerOverlayScene.swift in Sources */,
				F3A73C6C1E95493F00B65435 /* CGFloat.swift in Sources */,
				12AD18261E8969F700EF5C46 /* SaveablePlatform.swift in Sources */,
				4E1E11231E82F7E600AAC356 /* ReactiveGridNode.swift in Sources */,
				12A856611E90FE1D00B5EB4E /* StoredGame+SaveableGame.swift in Sources */,
				4E1E111F1E7AF35400AAC356 /* LevelDesignerScene.swift in Sources */,
				12A82FCF1E727072008B721E /* AppDelegate.swift in Sources */,
				3FA4B1751E895AC500D93703 /* LevelDesignerBottomMenu.swift in Sources */,
				F300361F1E967C24004C1B4F /* TileManagerDelegate.swift in Sources */,
				12DA420A1E86699200C23137 /* LMCardViewCell.swift in Sources */,
				3FF229D51E9A4FAD0040F0AF /* LDOverlayMenuViewModel.swift in Sources */,
				3FF229D91E9A8DE00040F0AF /* GameplayOverlayDelegate.swift in Sources */,
				F33754E71E97812D00839AFD /* TileModel.swift in Sources */,
				3FCC89B71E810D4B005A7C03 /* PaletteFunctionType.swift in Sources */,
				4EA8B1FC1E9A449300626010 /* GameplayOverlayScene.swift in Sources */,
				3F7348C41E86F89F00EB1264 /* OverlayButtonSet.swift in Sources */,
				3FCC89971E73E327005A7C03 /* LevelSelectorViewController.swift in Sources */,
				12A0514E1E91641800724147 /* WoofRunner.xcdatamodeld in Sources */,
				F39DF60B1E940DA300A72CF0 /* MovingPlatform.swift in Sources */,
				12AD18241E8969F700EF5C46 /* SaveableGame.swift in Sources */,
				12F9B60D1E9A740C00B2E4E6 /* FacebookLoginOverlay.swift in Sources */,
				4E1E111D1E7AF33F00AAC356 /* LevelDesignerViewController.swift in Sources */,
				12AD18251E8969F700EF5C46 /* SaveableObstacle.swift in Sources */,
				F34DEDC71E8D754D00BB8CA7 /* JumpingObstacle.swift in Sources */,
				F3E51D3E1E92917D001FBAB2 /* RotatingObstacle.swift in Sources */,
				1278988A1E8A496000E937E0 /* LoadableGame.swift in Sources */,
				3FF229DB1E9A8F000040F0AF /* GameplayOverlayButton.swift in Sources */,
				4E9DB3761E92EAAE0023A2A8 /* LevelGrid+Selection.swift in Sources */,
				F34DEDC51E8D744C00BB8CA7 /* CollisionType.swift in Sources */,
				3F7348B61E86D0D800EB1264 /* PaletteButton.swift in Sources */,
				3F7348B81E86D96000EB1264 /* PaletteButtonDelegate.swift in Sources */,
				F318BEBB1E87C16E005D0113 /* SCNNode.swift in Sources */,
				F33442CF1E815BFE001C1D8D /* Tile.swift in Sources */,
				3FF229DF1E9A98660040F0AF /* GameplayOverlayButtonType.swift in Sources */,
				3F0F81B91E91707400114CD0 /* CustomLevelViewController.swift in Sources */,
				F33442B81E8156F3001C1D8D /* GestureDelegate.swift in Sources */,
				F33442C91E815BFE001C1D8D /* Camera.swift in Sources */,
				F39DF6091E93C6AA00A72CF0 /* TileFactory.swift in Sources */,
				F34DEDBD1E8D41DD00BB8CA7 /* DeadTriggerPlatform.swift in Sources */,
				3FD5D0271E8FD328007573C4 /* LDOverlayButton.swift in Sources */,
				3F0F81DF1E98140D00114CD0 /* UILabel+ShadowExtension.swift in Sources */,
				F313D53E1E8E40FD0036FF84 /* PlayerDelegate.swift in Sources */,
				3F7348BC1E86DACF00EB1264 /* PaletteMenu.swift in Sources */,
				12A856651E910D0B00B5EB4E /* StoredGame+DisplayedGame.swift in Sources */,
				3F7348BE1E86F1FA00EB1264 /* OverlayMenu.swift in Sources */,
				4E90FFE91E8431690012B03F /* Position.swift in Sources */,
				4E90FFEB1E844C5A0012B03F /* ReactiveGrid.swift in Sources */,
				4E1E11211E82D50D00AAC356 /* GridViewModel.swift in Sources */,
				3FF229DD1E9A8F860040F0AF /* GameplayOverlayButtonDelegate.swift in Sources */,
				F33754E91E9784F900839AFD /* PlatformBehaviour.swift in Sources */,
				3F0F81D51E97FA1300114CD0 /* StrokedLabel.swift in Sources */,
				3FA4B1791E89628D00D93703 /* BottomMenuButtonDelegate.swift in Sources */,
				3FA4B1771E89617D00D93703 /* BottomMenuButton.swift in Sources */,
				3F0F81BD1E929A7000114CD0 /* UIButton+ShadowExtension.swift in Sources */,
			);
			runOnlyForDeploymentPostprocessing = 0;
		};
/* End PBXSourcesBuildPhase section */

/* Begin XCBuildConfiguration section */
		12A82FF31E727072008B721E /* Debug */ = {
			isa = XCBuildConfiguration;
			buildSettings = {
				ALWAYS_SEARCH_USER_PATHS = NO;
				CLANG_ANALYZER_NONNULL = YES;
				CLANG_CXX_LANGUAGE_STANDARD = "gnu++0x";
				CLANG_CXX_LIBRARY = "libc++";
				CLANG_ENABLE_MODULES = YES;
				CLANG_ENABLE_OBJC_ARC = YES;
				CLANG_WARN_BOOL_CONVERSION = YES;
				CLANG_WARN_CONSTANT_CONVERSION = YES;
				CLANG_WARN_DIRECT_OBJC_ISA_USAGE = YES_ERROR;
				CLANG_WARN_DOCUMENTATION_COMMENTS = YES;
				CLANG_WARN_EMPTY_BODY = YES;
				CLANG_WARN_ENUM_CONVERSION = YES;
				CLANG_WARN_INFINITE_RECURSION = YES;
				CLANG_WARN_INT_CONVERSION = YES;
				CLANG_WARN_OBJC_ROOT_CLASS = YES_ERROR;
				CLANG_WARN_SUSPICIOUS_MOVE = YES;
				CLANG_WARN_UNREACHABLE_CODE = YES;
				CLANG_WARN__DUPLICATE_METHOD_MATCH = YES;
				"CODE_SIGN_IDENTITY[sdk=iphoneos*]" = "iPhone Developer";
				COPY_PHASE_STRIP = NO;
				DEBUG_INFORMATION_FORMAT = dwarf;
				ENABLE_STRICT_OBJC_MSGSEND = YES;
				ENABLE_TESTABILITY = YES;
				GCC_C_LANGUAGE_STANDARD = gnu99;
				GCC_DYNAMIC_NO_PIC = NO;
				GCC_NO_COMMON_BLOCKS = YES;
				GCC_OPTIMIZATION_LEVEL = 0;
				GCC_PREPROCESSOR_DEFINITIONS = (
					"DEBUG=1",
					"$(inherited)",
				);
				GCC_WARN_64_TO_32_BIT_CONVERSION = YES;
				GCC_WARN_ABOUT_RETURN_TYPE = YES_ERROR;
				GCC_WARN_UNDECLARED_SELECTOR = YES;
				GCC_WARN_UNINITIALIZED_AUTOS = YES_AGGRESSIVE;
				GCC_WARN_UNUSED_FUNCTION = YES;
				GCC_WARN_UNUSED_VARIABLE = YES;
				IPHONEOS_DEPLOYMENT_TARGET = 10.2;
				MTL_ENABLE_DEBUG_INFO = YES;
				ONLY_ACTIVE_ARCH = YES;
				SDKROOT = iphoneos;
				SWIFT_ACTIVE_COMPILATION_CONDITIONS = DEBUG;
				SWIFT_OPTIMIZATION_LEVEL = "-Onone";
				TARGETED_DEVICE_FAMILY = 2;
			};
			name = Debug;
		};
		12A82FF41E727072008B721E /* Release */ = {
			isa = XCBuildConfiguration;
			buildSettings = {
				ALWAYS_SEARCH_USER_PATHS = NO;
				CLANG_ANALYZER_NONNULL = YES;
				CLANG_CXX_LANGUAGE_STANDARD = "gnu++0x";
				CLANG_CXX_LIBRARY = "libc++";
				CLANG_ENABLE_MODULES = YES;
				CLANG_ENABLE_OBJC_ARC = YES;
				CLANG_WARN_BOOL_CONVERSION = YES;
				CLANG_WARN_CONSTANT_CONVERSION = YES;
				CLANG_WARN_DIRECT_OBJC_ISA_USAGE = YES_ERROR;
				CLANG_WARN_DOCUMENTATION_COMMENTS = YES;
				CLANG_WARN_EMPTY_BODY = YES;
				CLANG_WARN_ENUM_CONVERSION = YES;
				CLANG_WARN_INFINITE_RECURSION = YES;
				CLANG_WARN_INT_CONVERSION = YES;
				CLANG_WARN_OBJC_ROOT_CLASS = YES_ERROR;
				CLANG_WARN_SUSPICIOUS_MOVE = YES;
				CLANG_WARN_UNREACHABLE_CODE = YES;
				CLANG_WARN__DUPLICATE_METHOD_MATCH = YES;
				"CODE_SIGN_IDENTITY[sdk=iphoneos*]" = "iPhone Developer";
				COPY_PHASE_STRIP = NO;
				DEBUG_INFORMATION_FORMAT = "dwarf-with-dsym";
				ENABLE_NS_ASSERTIONS = NO;
				ENABLE_STRICT_OBJC_MSGSEND = YES;
				GCC_C_LANGUAGE_STANDARD = gnu99;
				GCC_NO_COMMON_BLOCKS = YES;
				GCC_WARN_64_TO_32_BIT_CONVERSION = YES;
				GCC_WARN_ABOUT_RETURN_TYPE = YES_ERROR;
				GCC_WARN_UNDECLARED_SELECTOR = YES;
				GCC_WARN_UNINITIALIZED_AUTOS = YES_AGGRESSIVE;
				GCC_WARN_UNUSED_FUNCTION = YES;
				GCC_WARN_UNUSED_VARIABLE = YES;
				IPHONEOS_DEPLOYMENT_TARGET = 10.2;
				MTL_ENABLE_DEBUG_INFO = NO;
				SDKROOT = iphoneos;
				SWIFT_OPTIMIZATION_LEVEL = "-Owholemodule";
				TARGETED_DEVICE_FAMILY = 2;
				VALIDATE_PRODUCT = YES;
			};
			name = Release;
		};
		12A82FF61E727072008B721E /* Debug */ = {
			isa = XCBuildConfiguration;
			baseConfigurationReference = B1A0187123DD43F203A750D3 /* Pods-WoofRunner.debug.xcconfig */;
			buildSettings = {
				DEVELOPMENT_TEAM = W76H98A34A;
				FRAMEWORK_SEARCH_PATHS = (
					"$(inherited)",
					"$(PROJECT_DIR)/build/Debug-iphoneos",
				);
				INFOPLIST_FILE = WoofRunner/Info.plist;
				IPHONEOS_DEPLOYMENT_TARGET = 10.0;
				LD_RUNPATH_SEARCH_PATHS = "$(inherited) @executable_path/Frameworks";
				PRODUCT_BUNDLE_IDENTIFIER = nus.cs3217.woofrunner.WoofRunner;
				PRODUCT_NAME = "$(TARGET_NAME)";
				SWIFT_VERSION = 3.0;
			};
			name = Debug;
		};
		12A82FF71E727072008B721E /* Release */ = {
			isa = XCBuildConfiguration;
			baseConfigurationReference = 3138944BB9A6BF6AC4CDA580 /* Pods-WoofRunner.release.xcconfig */;
			buildSettings = {
				DEVELOPMENT_TEAM = W76H98A34A;
				FRAMEWORK_SEARCH_PATHS = (
					"$(inherited)",
					"$(PROJECT_DIR)/build/Debug-iphoneos",
				);
				INFOPLIST_FILE = WoofRunner/Info.plist;
				IPHONEOS_DEPLOYMENT_TARGET = 10.0;
				LD_RUNPATH_SEARCH_PATHS = "$(inherited) @executable_path/Frameworks";
				PRODUCT_BUNDLE_IDENTIFIER = nus.cs3217.woofrunner.WoofRunner;
				PRODUCT_NAME = "$(TARGET_NAME)";
				SWIFT_VERSION = 3.0;
			};
			name = Release;
		};
/* End XCBuildConfiguration section */

/* Begin XCConfigurationList section */
		12A82FC61E727071008B721E /* Build configuration list for PBXProject "WoofRunner" */ = {
			isa = XCConfigurationList;
			buildConfigurations = (
				12A82FF31E727072008B721E /* Debug */,
				12A82FF41E727072008B721E /* Release */,
			);
			defaultConfigurationIsVisible = 0;
			defaultConfigurationName = Release;
		};
		12A82FF51E727072008B721E /* Build configuration list for PBXNativeTarget "WoofRunner" */ = {
			isa = XCConfigurationList;
			buildConfigurations = (
				12A82FF61E727072008B721E /* Debug */,
				12A82FF71E727072008B721E /* Release */,
			);
			defaultConfigurationIsVisible = 0;
			defaultConfigurationName = Release;
		};
/* End XCConfigurationList section */

/* Begin XCVersionGroup section */
		12A0514C1E91641800724147 /* WoofRunner.xcdatamodeld */ = {
			isa = XCVersionGroup;
			children = (
				12A0514D1E91641800724147 /* WoofRunner.xcdatamodel */,
			);
			currentVersion = 12A0514D1E91641800724147 /* WoofRunner.xcdatamodel */;
			path = WoofRunner.xcdatamodeld;
			sourceTree = "<group>";
			versionGroupType = wrapper.xcdatamodel;
		};
/* End XCVersionGroup section */
	};
	rootObject = 12A82FC31E727071008B721E /* Project object */;
}
