// !$*UTF8*$!
{
	archiveVersion = 1;
	classes = {
	};
	objectVersion = 46;
	objects = {

/* Begin PBXBuildFile section */
		120208021E7448710066BD4C /* CoreDataStack.swift in Sources */ = {isa = PBXBuildFile; fileRef = 120208011E7448710066BD4C /* CoreDataStack.swift */; };
		120208051E744A420066BD4C /* CoreDataManager.swift in Sources */ = {isa = PBXBuildFile; fileRef = 120208041E744A420066BD4C /* CoreDataManager.swift */; };
		120208081E744C9A0066BD4C /* WoofRunner.xcdatamodeld in Sources */ = {isa = PBXBuildFile; fileRef = 120208061E744C9A0066BD4C /* WoofRunner.xcdatamodeld */; };
		121387C01E85FCBD00F0861B /* UploadableGame.swift in Sources */ = {isa = PBXBuildFile; fileRef = 121387BF1E85FCBD00F0861B /* UploadableGame.swift */; };
		121387C41E8628D900F0861B /* SaveablePlatform.swift in Sources */ = {isa = PBXBuildFile; fileRef = 121387C31E8628D900F0861B /* SaveablePlatform.swift */; };
		121A44EB1E864AF900F3EAA8 /* LevelMarketplaceHomeViewController.swift in Sources */ = {isa = PBXBuildFile; fileRef = 121A44EA1E864AF900F3EAA8 /* LevelMarketplaceHomeViewController.swift */; };
		12610C7B1E7ECAF3006162BF /* SaveableGame.swift in Sources */ = {isa = PBXBuildFile; fileRef = 12610C7A1E7ECAF3006162BF /* SaveableGame.swift */; };
		12610C7D1E7ECE1C006162BF /* SaveableObstacle.swift in Sources */ = {isa = PBXBuildFile; fileRef = 12610C7C1E7ECE1C006162BF /* SaveableObstacle.swift */; };
		12610C7F1E7EDBC0006162BF /* Position.swift in Sources */ = {isa = PBXBuildFile; fileRef = 12610C7E1E7EDBC0006162BF /* Position.swift */; };
		1261D9B71E755E94004837F0 /* CoreDataManagerTests.swift in Sources */ = {isa = PBXBuildFile; fileRef = 1261D9B61E755E94004837F0 /* CoreDataManagerTests.swift */; };
		1270785F1E7E60FD0043C8C4 /* OnlineStorageManagerTests.swift in Sources */ = {isa = PBXBuildFile; fileRef = 1270785E1E7E60FD0043C8C4 /* OnlineStorageManagerTests.swift */; };
		12882B891E857059004C3B76 /* LoginViewController.swift in Sources */ = {isa = PBXBuildFile; fileRef = 12882B881E857059004C3B76 /* LoginViewController.swift */; };
		12A82FCF1E727072008B721E /* AppDelegate.swift in Sources */ = {isa = PBXBuildFile; fileRef = 12A82FCE1E727072008B721E /* AppDelegate.swift */; };
		12A82FD11E727072008B721E /* art.scnassets in Resources */ = {isa = PBXBuildFile; fileRef = 12A82FD01E727072008B721E /* art.scnassets */; };
		12A82FD81E727072008B721E /* Assets.xcassets in Resources */ = {isa = PBXBuildFile; fileRef = 12A82FD71E727072008B721E /* Assets.xcassets */; };
		12A82FE61E727072008B721E /* WoofRunnerTests.swift in Sources */ = {isa = PBXBuildFile; fileRef = 12A82FE51E727072008B721E /* WoofRunnerTests.swift */; };
		12A82FF11E727072008B721E /* WoofRunnerUITests.swift in Sources */ = {isa = PBXBuildFile; fileRef = 12A82FF01E727072008B721E /* WoofRunnerUITests.swift */; };
		12BF5ABE1E75904E00823568 /* SaveableStub.swift in Sources */ = {isa = PBXBuildFile; fileRef = 12BF5ABD1E75904E00823568 /* SaveableStub.swift */; };
		12EE38C01E78E99F00D81378 /* GoogleService-Info.plist in Resources */ = {isa = PBXBuildFile; fileRef = 12EE38BF1E78E99F00D81378 /* GoogleService-Info.plist */; };
		12EE38C21E78EA1C00D81378 /* OnlineStorageManager.swift in Sources */ = {isa = PBXBuildFile; fileRef = 12EE38C11E78EA1C00D81378 /* OnlineStorageManager.swift */; };
		12EFDD671E727812005C63E2 /* LaunchScreen.storyboard in Resources */ = {isa = PBXBuildFile; fileRef = 12EFDD651E727812005C63E2 /* LaunchScreen.storyboard */; };
		12EFDD681E727812005C63E2 /* Main.storyboard in Resources */ = {isa = PBXBuildFile; fileRef = 12EFDD661E727812005C63E2 /* Main.storyboard */; };
		16791951B068C4BD9A717E18 /* (null) in Frameworks */ = {isa = PBXBuildFile; };
		3FAE2D341E7280EE00D65B84 /* Menu.storyboard in Resources */ = {isa = PBXBuildFile; fileRef = 3FAE2D331E7280EE00D65B84 /* Menu.storyboard */; };
		3FAE2D361E72818900D65B84 /* LevelSelector.storyboard in Resources */ = {isa = PBXBuildFile; fileRef = 3FAE2D351E72818900D65B84 /* LevelSelector.storyboard */; };
		3FAE2D381E7281CE00D65B84 /* LevelDesigner.storyboard in Resources */ = {isa = PBXBuildFile; fileRef = 3FAE2D371E7281CE00D65B84 /* LevelDesigner.storyboard */; };
		3FAE2D3A1E7281F400D65B84 /* Gameplay.storyboard in Resources */ = {isa = PBXBuildFile; fileRef = 3FAE2D391E7281F400D65B84 /* Gameplay.storyboard */; };
		3FAE2D3C1E72838200D65B84 /* LevelMarketplace.storyboard in Resources */ = {isa = PBXBuildFile; fileRef = 3FAE2D3B1E72838200D65B84 /* LevelMarketplace.storyboard */; };
		3FCC89971E73E327005A7C03 /* LevelSelectorViewController.swift in Sources */ = {isa = PBXBuildFile; fileRef = 3FCC89961E73E327005A7C03 /* LevelSelectorViewController.swift */; };
		3FCC89991E7AD2A8005A7C03 /* ExperimentalLevelDesigner.storyboard in Resources */ = {isa = PBXBuildFile; fileRef = 3FCC89981E7AD2A8005A7C03 /* ExperimentalLevelDesigner.storyboard */; };
		3FCC899B1E7AD396005A7C03 /* ExperimentalLevelDesignerViewController.swift in Sources */ = {isa = PBXBuildFile; fileRef = 3FCC899A1E7AD396005A7C03 /* ExperimentalLevelDesignerViewController.swift */; };
		3FCC899D1E7AD72B005A7C03 /* LevelDesignerOverlayScene.swift in Sources */ = {isa = PBXBuildFile; fileRef = 3FCC899C1E7AD72B005A7C03 /* LevelDesignerOverlayScene.swift */; };
		3FCC899F1E7AD846005A7C03 /* ExperimentalMainScene.swift in Sources */ = {isa = PBXBuildFile; fileRef = 3FCC899E1E7AD846005A7C03 /* ExperimentalMainScene.swift */; };
		3FCC89A31E7EB8C6005A7C03 /* RootSKSpriteNode.swift in Sources */ = {isa = PBXBuildFile; fileRef = 3FCC89A21E7EB8C6005A7C03 /* RootSKSpriteNode.swift */; };
		3FCC89A71E7EB960005A7C03 /* LevelDesignerButtonSpriteNode.swift in Sources */ = {isa = PBXBuildFile; fileRef = 3FCC89A61E7EB960005A7C03 /* LevelDesignerButtonSpriteNode.swift */; };
		3FCC89AF1E802A45005A7C03 /* ButtonActions.swift in Sources */ = {isa = PBXBuildFile; fileRef = 3FCC89AE1E802A45005A7C03 /* ButtonActions.swift */; };
		3FCC89B51E804C07005A7C03 /* CustomShapeNodes.swift in Sources */ = {isa = PBXBuildFile; fileRef = 3FCC89B41E804C07005A7C03 /* CustomShapeNodes.swift */; };
		3FCC89B71E810D4B005A7C03 /* LevelDesignerPaletteFunctionType.swift in Sources */ = {isa = PBXBuildFile; fileRef = 3FCC89B61E810D4B005A7C03 /* LevelDesignerPaletteFunctionType.swift */; };
		4E1E111D1E7AF33F00AAC356 /* LevelDesignerViewController.swift in Sources */ = {isa = PBXBuildFile; fileRef = 4E1E111C1E7AF33F00AAC356 /* LevelDesignerViewController.swift */; };
		4E1E111F1E7AF35400AAC356 /* LevelDesignerSceneView.swift in Sources */ = {isa = PBXBuildFile; fileRef = 4E1E111E1E7AF35400AAC356 /* LevelDesignerSceneView.swift */; };
		521E5E09B25B2C872282EF0B /* Pods_WoofRunner.framework in Frameworks */ = {isa = PBXBuildFile; fileRef = 81FBE97A6CC9991E780A7EF6 /* Pods_WoofRunner.framework */; };
		8F083D22F3147FCC9E3318B2 /* Pods_WoofRunnerTests.framework in Frameworks */ = {isa = PBXBuildFile; fileRef = 33BAD35EE63B83A042A840E0 /* Pods_WoofRunnerTests.framework */; };
		F30ABDFF1E82A7A800BD1D02 /* Array.swift in Sources */ = {isa = PBXBuildFile; fileRef = F30ABDFE1E82A7A800BD1D02 /* Array.swift */; };
		F30ABE011E82AACA00BD1D02 /* PoolManager.swift in Sources */ = {isa = PBXBuildFile; fileRef = F30ABE001E82AACA00BD1D02 /* PoolManager.swift */; };
		F30ABE031E82BDB300BD1D02 /* Platform.swift in Sources */ = {isa = PBXBuildFile; fileRef = F30ABE021E82BDB300BD1D02 /* Platform.swift */; };
		F33442B51E8156F3001C1D8D /* GameController.swift in Sources */ = {isa = PBXBuildFile; fileRef = F33442A81E8156F3001C1D8D /* GameController.swift */; };
		F33442B61E8156F3001C1D8D /* GameEngine.swift in Sources */ = {isa = PBXBuildFile; fileRef = F33442A91E8156F3001C1D8D /* GameEngine.swift */; };
		F33442B71E8156F3001C1D8D /* GameObject.swift in Sources */ = {isa = PBXBuildFile; fileRef = F33442AA1E8156F3001C1D8D /* GameObject.swift */; };
		F33442B81E8156F3001C1D8D /* GestureDelegate.swift in Sources */ = {isa = PBXBuildFile; fileRef = F33442AB1E8156F3001C1D8D /* GestureDelegate.swift */; };
		F33442BD1E8156F3001C1D8D /* SCNVector3.swift in Sources */ = {isa = PBXBuildFile; fileRef = F33442B01E8156F3001C1D8D /* SCNVector3.swift */; };
		F33442C01E8156F3001C1D8D /* World.swift in Sources */ = {isa = PBXBuildFile; fileRef = F33442B31E8156F3001C1D8D /* World.swift */; };
		F33442C91E815BFE001C1D8D /* Camera.swift in Sources */ = {isa = PBXBuildFile; fileRef = F33442C21E815BFE001C1D8D /* Camera.swift */; };
		F33442CA1E815BFE001C1D8D /* Obstacle.swift in Sources */ = {isa = PBXBuildFile; fileRef = F33442C31E815BFE001C1D8D /* Obstacle.swift */; };
		F33442CC1E815BFE001C1D8D /* TileManager.swift in Sources */ = {isa = PBXBuildFile; fileRef = F33442C51E815BFE001C1D8D /* TileManager.swift */; };
		F33442CD1E815BFE001C1D8D /* Player.swift in Sources */ = {isa = PBXBuildFile; fileRef = F33442C61E815BFE001C1D8D /* Player.swift */; };
		F33442CE1E815BFE001C1D8D /* TestCube.swift in Sources */ = {isa = PBXBuildFile; fileRef = F33442C71E815BFE001C1D8D /* TestCube.swift */; };
		F33442CF1E815BFE001C1D8D /* Tile.swift in Sources */ = {isa = PBXBuildFile; fileRef = F33442C81E815BFE001C1D8D /* Tile.swift */; };
		F8367D206A4F7A62AE0156FF /* Pods_WoofRunnerUITests.framework in Frameworks */ = {isa = PBXBuildFile; fileRef = 931C92350C6DC35F3FB37D4E /* Pods_WoofRunnerUITests.framework */; };
/* End PBXBuildFile section */

/* Begin PBXContainerItemProxy section */
		12A82FE21E727072008B721E /* PBXContainerItemProxy */ = {
			isa = PBXContainerItemProxy;
			containerPortal = 12A82FC31E727071008B721E /* Project object */;
			proxyType = 1;
			remoteGlobalIDString = 12A82FCA1E727071008B721E;
			remoteInfo = WoofRunner;
		};
		12A82FED1E727072008B721E /* PBXContainerItemProxy */ = {
			isa = PBXContainerItemProxy;
			containerPortal = 12A82FC31E727071008B721E /* Project object */;
			proxyType = 1;
			remoteGlobalIDString = 12A82FCA1E727071008B721E;
			remoteInfo = WoofRunner;
		};
/* End PBXContainerItemProxy section */

/* Begin PBXFileReference section */
		07727E6850DA4FD03086A970 /* Pods-WoofRunnerTests.release.xcconfig */ = {isa = PBXFileReference; includeInIndex = 1; lastKnownFileType = text.xcconfig; name = "Pods-WoofRunnerTests.release.xcconfig"; path = "Pods/Target Support Files/Pods-WoofRunnerTests/Pods-WoofRunnerTests.release.xcconfig"; sourceTree = "<group>"; };
		120208011E7448710066BD4C /* CoreDataStack.swift */ = {isa = PBXFileReference; fileEncoding = 4; lastKnownFileType = sourcecode.swift; path = CoreDataStack.swift; sourceTree = "<group>"; };
		120208041E744A420066BD4C /* CoreDataManager.swift */ = {isa = PBXFileReference; fileEncoding = 4; lastKnownFileType = sourcecode.swift; path = CoreDataManager.swift; sourceTree = "<group>"; };
		120208071E744C9A0066BD4C /* WoofRunner.xcdatamodel */ = {isa = PBXFileReference; lastKnownFileType = wrapper.xcdatamodel; path = WoofRunner.xcdatamodel; sourceTree = "<group>"; };
		121387BF1E85FCBD00F0861B /* UploadableGame.swift */ = {isa = PBXFileReference; fileEncoding = 4; lastKnownFileType = sourcecode.swift; path = UploadableGame.swift; sourceTree = "<group>"; };
		121387C31E8628D900F0861B /* SaveablePlatform.swift */ = {isa = PBXFileReference; fileEncoding = 4; lastKnownFileType = sourcecode.swift; path = SaveablePlatform.swift; sourceTree = "<group>"; };
		121A44EA1E864AF900F3EAA8 /* LevelMarketplaceHomeViewController.swift */ = {isa = PBXFileReference; fileEncoding = 4; lastKnownFileType = sourcecode.swift; path = LevelMarketplaceHomeViewController.swift; sourceTree = "<group>"; };
		12610C7A1E7ECAF3006162BF /* SaveableGame.swift */ = {isa = PBXFileReference; fileEncoding = 4; lastKnownFileType = sourcecode.swift; path = SaveableGame.swift; sourceTree = "<group>"; };
		12610C7C1E7ECE1C006162BF /* SaveableObstacle.swift */ = {isa = PBXFileReference; fileEncoding = 4; lastKnownFileType = sourcecode.swift; path = SaveableObstacle.swift; sourceTree = "<group>"; };
		12610C7E1E7EDBC0006162BF /* Position.swift */ = {isa = PBXFileReference; fileEncoding = 4; lastKnownFileType = sourcecode.swift; path = Position.swift; sourceTree = "<group>"; };
		1261D9B61E755E94004837F0 /* CoreDataManagerTests.swift */ = {isa = PBXFileReference; fileEncoding = 4; lastKnownFileType = sourcecode.swift; path = CoreDataManagerTests.swift; sourceTree = "<group>"; };
		1270785E1E7E60FD0043C8C4 /* OnlineStorageManagerTests.swift */ = {isa = PBXFileReference; fileEncoding = 4; lastKnownFileType = sourcecode.swift; path = OnlineStorageManagerTests.swift; sourceTree = "<group>"; };
		12882B881E857059004C3B76 /* LoginViewController.swift */ = {isa = PBXFileReference; fileEncoding = 4; lastKnownFileType = sourcecode.swift; path = LoginViewController.swift; sourceTree = "<group>"; };
		12A82FCB1E727072008B721E /* WoofRunner.app */ = {isa = PBXFileReference; explicitFileType = wrapper.application; includeInIndex = 0; path = WoofRunner.app; sourceTree = BUILT_PRODUCTS_DIR; };
		12A82FCE1E727072008B721E /* AppDelegate.swift */ = {isa = PBXFileReference; lastKnownFileType = sourcecode.swift; path = AppDelegate.swift; sourceTree = "<group>"; };
		12A82FD01E727072008B721E /* art.scnassets */ = {isa = PBXFileReference; lastKnownFileType = wrapper.scnassets; path = art.scnassets; sourceTree = "<group>"; };
		12A82FD71E727072008B721E /* Assets.xcassets */ = {isa = PBXFileReference; lastKnownFileType = folder.assetcatalog; path = Assets.xcassets; sourceTree = "<group>"; };
		12A82FDC1E727072008B721E /* Info.plist */ = {isa = PBXFileReference; lastKnownFileType = text.plist.xml; path = Info.plist; sourceTree = "<group>"; };
		12A82FE11E727072008B721E /* WoofRunnerTests.xctest */ = {isa = PBXFileReference; explicitFileType = wrapper.cfbundle; includeInIndex = 0; path = WoofRunnerTests.xctest; sourceTree = BUILT_PRODUCTS_DIR; };
		12A82FE51E727072008B721E /* WoofRunnerTests.swift */ = {isa = PBXFileReference; lastKnownFileType = sourcecode.swift; path = WoofRunnerTests.swift; sourceTree = "<group>"; };
		12A82FE71E727072008B721E /* Info.plist */ = {isa = PBXFileReference; lastKnownFileType = text.plist.xml; path = Info.plist; sourceTree = "<group>"; };
		12A82FEC1E727072008B721E /* WoofRunnerUITests.xctest */ = {isa = PBXFileReference; explicitFileType = wrapper.cfbundle; includeInIndex = 0; path = WoofRunnerUITests.xctest; sourceTree = BUILT_PRODUCTS_DIR; };
		12A82FF01E727072008B721E /* WoofRunnerUITests.swift */ = {isa = PBXFileReference; lastKnownFileType = sourcecode.swift; path = WoofRunnerUITests.swift; sourceTree = "<group>"; };
		12A82FF21E727072008B721E /* Info.plist */ = {isa = PBXFileReference; lastKnownFileType = text.plist.xml; path = Info.plist; sourceTree = "<group>"; };
		12BF5ABD1E75904E00823568 /* SaveableStub.swift */ = {isa = PBXFileReference; fileEncoding = 4; lastKnownFileType = sourcecode.swift; path = SaveableStub.swift; sourceTree = "<group>"; };
		12EE38BF1E78E99F00D81378 /* GoogleService-Info.plist */ = {isa = PBXFileReference; fileEncoding = 4; lastKnownFileType = text.plist.xml; path = "GoogleService-Info.plist"; sourceTree = "<group>"; };
		12EE38C11E78EA1C00D81378 /* OnlineStorageManager.swift */ = {isa = PBXFileReference; fileEncoding = 4; lastKnownFileType = sourcecode.swift; path = OnlineStorageManager.swift; sourceTree = "<group>"; };
		12EFDD651E727812005C63E2 /* LaunchScreen.storyboard */ = {isa = PBXFileReference; fileEncoding = 4; lastKnownFileType = file.storyboard; path = LaunchScreen.storyboard; sourceTree = "<group>"; };
		12EFDD661E727812005C63E2 /* Main.storyboard */ = {isa = PBXFileReference; fileEncoding = 4; lastKnownFileType = file.storyboard; path = Main.storyboard; sourceTree = "<group>"; };
		3138944BB9A6BF6AC4CDA580 /* Pods-WoofRunner.release.xcconfig */ = {isa = PBXFileReference; includeInIndex = 1; lastKnownFileType = text.xcconfig; name = "Pods-WoofRunner.release.xcconfig"; path = "Pods/Target Support Files/Pods-WoofRunner/Pods-WoofRunner.release.xcconfig"; sourceTree = "<group>"; };
		33BAD35EE63B83A042A840E0 /* Pods_WoofRunnerTests.framework */ = {isa = PBXFileReference; explicitFileType = wrapper.framework; includeInIndex = 0; path = Pods_WoofRunnerTests.framework; sourceTree = BUILT_PRODUCTS_DIR; };
		3FAE2D331E7280EE00D65B84 /* Menu.storyboard */ = {isa = PBXFileReference; fileEncoding = 4; lastKnownFileType = file.storyboard; path = Menu.storyboard; sourceTree = "<group>"; };
		3FAE2D351E72818900D65B84 /* LevelSelector.storyboard */ = {isa = PBXFileReference; fileEncoding = 4; lastKnownFileType = file.storyboard; path = LevelSelector.storyboard; sourceTree = "<group>"; };
		3FAE2D371E7281CE00D65B84 /* LevelDesigner.storyboard */ = {isa = PBXFileReference; fileEncoding = 4; lastKnownFileType = file.storyboard; path = LevelDesigner.storyboard; sourceTree = "<group>"; };
		3FAE2D391E7281F400D65B84 /* Gameplay.storyboard */ = {isa = PBXFileReference; fileEncoding = 4; lastKnownFileType = file.storyboard; path = Gameplay.storyboard; sourceTree = "<group>"; };
		3FAE2D3B1E72838200D65B84 /* LevelMarketplace.storyboard */ = {isa = PBXFileReference; fileEncoding = 4; lastKnownFileType = file.storyboard; path = LevelMarketplace.storyboard; sourceTree = "<group>"; };
		3FCC89951E73E29F005A7C03 /* WoofRunner-Bridging-Header.h */ = {isa = PBXFileReference; lastKnownFileType = sourcecode.c.h; path = "WoofRunner-Bridging-Header.h"; sourceTree = "<group>"; };
		3FCC89961E73E327005A7C03 /* LevelSelectorViewController.swift */ = {isa = PBXFileReference; fileEncoding = 4; lastKnownFileType = sourcecode.swift; path = LevelSelectorViewController.swift; sourceTree = "<group>"; };
		3FCC89981E7AD2A8005A7C03 /* ExperimentalLevelDesigner.storyboard */ = {isa = PBXFileReference; fileEncoding = 4; lastKnownFileType = file.storyboard; path = ExperimentalLevelDesigner.storyboard; sourceTree = "<group>"; };
		3FCC899A1E7AD396005A7C03 /* ExperimentalLevelDesignerViewController.swift */ = {isa = PBXFileReference; fileEncoding = 4; lastKnownFileType = sourcecode.swift; path = ExperimentalLevelDesignerViewController.swift; sourceTree = "<group>"; };
		3FCC899C1E7AD72B005A7C03 /* LevelDesignerOverlayScene.swift */ = {isa = PBXFileReference; fileEncoding = 4; lastKnownFileType = sourcecode.swift; path = LevelDesignerOverlayScene.swift; sourceTree = "<group>"; };
		3FCC899E1E7AD846005A7C03 /* ExperimentalMainScene.swift */ = {isa = PBXFileReference; fileEncoding = 4; lastKnownFileType = sourcecode.swift; path = ExperimentalMainScene.swift; sourceTree = "<group>"; };
		3FCC89A21E7EB8C6005A7C03 /* RootSKSpriteNode.swift */ = {isa = PBXFileReference; fileEncoding = 4; lastKnownFileType = sourcecode.swift; path = RootSKSpriteNode.swift; sourceTree = "<group>"; };
		3FCC89A61E7EB960005A7C03 /* LevelDesignerButtonSpriteNode.swift */ = {isa = PBXFileReference; fileEncoding = 4; lastKnownFileType = sourcecode.swift; path = LevelDesignerButtonSpriteNode.swift; sourceTree = "<group>"; };
		3FCC89AE1E802A45005A7C03 /* ButtonActions.swift */ = {isa = PBXFileReference; fileEncoding = 4; lastKnownFileType = sourcecode.swift; path = ButtonActions.swift; sourceTree = "<group>"; };
		3FCC89B41E804C07005A7C03 /* CustomShapeNodes.swift */ = {isa = PBXFileReference; fileEncoding = 4; lastKnownFileType = sourcecode.swift; path = CustomShapeNodes.swift; sourceTree = "<group>"; };
		3FCC89B61E810D4B005A7C03 /* LevelDesignerPaletteFunctionType.swift */ = {isa = PBXFileReference; fileEncoding = 4; lastKnownFileType = sourcecode.swift; path = LevelDesignerPaletteFunctionType.swift; sourceTree = "<group>"; };
		4E1E111C1E7AF33F00AAC356 /* LevelDesignerViewController.swift */ = {isa = PBXFileReference; fileEncoding = 4; lastKnownFileType = sourcecode.swift; path = LevelDesignerViewController.swift; sourceTree = "<group>"; };
		4E1E111E1E7AF35400AAC356 /* LevelDesignerSceneView.swift */ = {isa = PBXFileReference; fileEncoding = 4; lastKnownFileType = sourcecode.swift; path = LevelDesignerSceneView.swift; sourceTree = "<group>"; };
		81FBE97A6CC9991E780A7EF6 /* Pods_WoofRunner.framework */ = {isa = PBXFileReference; explicitFileType = wrapper.framework; includeInIndex = 0; path = Pods_WoofRunner.framework; sourceTree = BUILT_PRODUCTS_DIR; };
		931C92350C6DC35F3FB37D4E /* Pods_WoofRunnerUITests.framework */ = {isa = PBXFileReference; explicitFileType = wrapper.framework; includeInIndex = 0; path = Pods_WoofRunnerUITests.framework; sourceTree = BUILT_PRODUCTS_DIR; };
		96CE24EBBD6B9167EF8714A2 /* Pods-WoofRunner-WoofRunnerTests.release.xcconfig */ = {isa = PBXFileReference; includeInIndex = 1; lastKnownFileType = text.xcconfig; name = "Pods-WoofRunner-WoofRunnerTests.release.xcconfig"; path = "Pods/Target Support Files/Pods-WoofRunner-WoofRunnerTests/Pods-WoofRunner-WoofRunnerTests.release.xcconfig"; sourceTree = "<group>"; };
		AA3E35DCCDA4D591A7D83282 /* Pods-WoofRunnerUITests.debug.xcconfig */ = {isa = PBXFileReference; includeInIndex = 1; lastKnownFileType = text.xcconfig; name = "Pods-WoofRunnerUITests.debug.xcconfig"; path = "Pods/Target Support Files/Pods-WoofRunnerUITests/Pods-WoofRunnerUITests.debug.xcconfig"; sourceTree = "<group>"; };
		AF7CB611F2EB570C3A204704 /* Pods-WoofRunnerTests.debug.xcconfig */ = {isa = PBXFileReference; includeInIndex = 1; lastKnownFileType = text.xcconfig; name = "Pods-WoofRunnerTests.debug.xcconfig"; path = "Pods/Target Support Files/Pods-WoofRunnerTests/Pods-WoofRunnerTests.debug.xcconfig"; sourceTree = "<group>"; };
		B1A0187123DD43F203A750D3 /* Pods-WoofRunner.debug.xcconfig */ = {isa = PBXFileReference; includeInIndex = 1; lastKnownFileType = text.xcconfig; name = "Pods-WoofRunner.debug.xcconfig"; path = "Pods/Target Support Files/Pods-WoofRunner/Pods-WoofRunner.debug.xcconfig"; sourceTree = "<group>"; };
		CDB45AD256815AA318864BCC /* Pods-WoofRunnerUITests.release.xcconfig */ = {isa = PBXFileReference; includeInIndex = 1; lastKnownFileType = text.xcconfig; name = "Pods-WoofRunnerUITests.release.xcconfig"; path = "Pods/Target Support Files/Pods-WoofRunnerUITests/Pods-WoofRunnerUITests.release.xcconfig"; sourceTree = "<group>"; };
		F30ABDFE1E82A7A800BD1D02 /* Array.swift */ = {isa = PBXFileReference; fileEncoding = 4; lastKnownFileType = sourcecode.swift; path = Array.swift; sourceTree = "<group>"; };
		F30ABE001E82AACA00BD1D02 /* PoolManager.swift */ = {isa = PBXFileReference; fileEncoding = 4; lastKnownFileType = sourcecode.swift; path = PoolManager.swift; sourceTree = "<group>"; };
		F30ABE021E82BDB300BD1D02 /* Platform.swift */ = {isa = PBXFileReference; fileEncoding = 4; lastKnownFileType = sourcecode.swift; path = Platform.swift; sourceTree = "<group>"; };
		F33442A81E8156F3001C1D8D /* GameController.swift */ = {isa = PBXFileReference; fileEncoding = 4; lastKnownFileType = sourcecode.swift; path = GameController.swift; sourceTree = "<group>"; };
		F33442A91E8156F3001C1D8D /* GameEngine.swift */ = {isa = PBXFileReference; fileEncoding = 4; lastKnownFileType = sourcecode.swift; path = GameEngine.swift; sourceTree = "<group>"; };
		F33442AA1E8156F3001C1D8D /* GameObject.swift */ = {isa = PBXFileReference; fileEncoding = 4; lastKnownFileType = sourcecode.swift; path = GameObject.swift; sourceTree = "<group>"; };
		F33442AB1E8156F3001C1D8D /* GestureDelegate.swift */ = {isa = PBXFileReference; fileEncoding = 4; lastKnownFileType = sourcecode.swift; path = GestureDelegate.swift; sourceTree = "<group>"; };
		F33442B01E8156F3001C1D8D /* SCNVector3.swift */ = {isa = PBXFileReference; fileEncoding = 4; lastKnownFileType = sourcecode.swift; path = SCNVector3.swift; sourceTree = "<group>"; };
		F33442B31E8156F3001C1D8D /* World.swift */ = {isa = PBXFileReference; fileEncoding = 4; lastKnownFileType = sourcecode.swift; path = World.swift; sourceTree = "<group>"; };
		F33442C21E815BFE001C1D8D /* Camera.swift */ = {isa = PBXFileReference; fileEncoding = 4; lastKnownFileType = sourcecode.swift; path = Camera.swift; sourceTree = "<group>"; };
		F33442C31E815BFE001C1D8D /* Obstacle.swift */ = {isa = PBXFileReference; fileEncoding = 4; lastKnownFileType = sourcecode.swift; path = Obstacle.swift; sourceTree = "<group>"; };
		F33442C51E815BFE001C1D8D /* TileManager.swift */ = {isa = PBXFileReference; fileEncoding = 4; lastKnownFileType = sourcecode.swift; path = TileManager.swift; sourceTree = "<group>"; };
		F33442C61E815BFE001C1D8D /* Player.swift */ = {isa = PBXFileReference; fileEncoding = 4; lastKnownFileType = sourcecode.swift; path = Player.swift; sourceTree = "<group>"; };
		F33442C71E815BFE001C1D8D /* TestCube.swift */ = {isa = PBXFileReference; fileEncoding = 4; lastKnownFileType = sourcecode.swift; path = TestCube.swift; sourceTree = "<group>"; };
		F33442C81E815BFE001C1D8D /* Tile.swift */ = {isa = PBXFileReference; fileEncoding = 4; lastKnownFileType = sourcecode.swift; path = Tile.swift; sourceTree = "<group>"; };
/* End PBXFileReference section */

/* Begin PBXFrameworksBuildPhase section */
		12A82FC81E727071008B721E /* Frameworks */ = {
			isa = PBXFrameworksBuildPhase;
			buildActionMask = 2147483647;
			files = (
				521E5E09B25B2C872282EF0B /* Pods_WoofRunner.framework in Frameworks */,
			);
			runOnlyForDeploymentPostprocessing = 0;
		};
		12A82FDE1E727072008B721E /* Frameworks */ = {
			isa = PBXFrameworksBuildPhase;
			buildActionMask = 2147483647;
			files = (
				8F083D22F3147FCC9E3318B2 /* Pods_WoofRunnerTests.framework in Frameworks */,
			);
			runOnlyForDeploymentPostprocessing = 0;
		};
		12A82FE91E727072008B721E /* Frameworks */ = {
			isa = PBXFrameworksBuildPhase;
			buildActionMask = 2147483647;
			files = (
				16791951B068C4BD9A717E18 /* (null) in Frameworks */,
				F8367D206A4F7A62AE0156FF /* Pods_WoofRunnerUITests.framework in Frameworks */,
			);
			runOnlyForDeploymentPostprocessing = 0;
		};
/* End PBXFrameworksBuildPhase section */

/* Begin PBXGroup section */
		120208031E7449FB0066BD4C /* Storage */ = {
			isa = PBXGroup;
			children = (
				120208041E744A420066BD4C /* CoreDataManager.swift */,
				12EE38C11E78EA1C00D81378 /* OnlineStorageManager.swift */,
				12610C7A1E7ECAF3006162BF /* SaveableGame.swift */,
				12610C7C1E7ECE1C006162BF /* SaveableObstacle.swift */,
				121387C31E8628D900F0861B /* SaveablePlatform.swift */,
				121387BF1E85FCBD00F0861B /* UploadableGame.swift */,
				120208061E744C9A0066BD4C /* WoofRunner.xcdatamodeld */,
			);
			path = Storage;
			sourceTree = "<group>";
		};
		126F50F81E7272AA000877F1 /* Models */ = {
			isa = PBXGroup;
			children = (
				12610C7E1E7EDBC0006162BF /* Position.swift */,
			);
			path = Models;
			sourceTree = "<group>";
		};
		126F50F91E7272B8000877F1 /* ViewControllers */ = {
			isa = PBXGroup;
			children = (
				12882B881E857059004C3B76 /* LoginViewController.swift */,
				4E1E111C1E7AF33F00AAC356 /* LevelDesignerViewController.swift */,
				3FCC89961E73E327005A7C03 /* LevelSelectorViewController.swift */,
				3FCC899A1E7AD396005A7C03 /* ExperimentalLevelDesignerViewController.swift */,
				121A44EA1E864AF900F3EAA8 /* LevelMarketplaceHomeViewController.swift */,
			);
			path = ViewControllers;
			sourceTree = "<group>";
		};
		126F50FB1E7272C2000877F1 /* View */ = {
			isa = PBXGroup;
			children = (
				3FCC899C1E7AD72B005A7C03 /* LevelDesignerOverlayScene.swift */,
				3FCC899E1E7AD846005A7C03 /* ExperimentalMainScene.swift */,
				3FCC89A21E7EB8C6005A7C03 /* RootSKSpriteNode.swift */,
				3FCC89B41E804C07005A7C03 /* CustomShapeNodes.swift */,
				3FCC89A61E7EB960005A7C03 /* LevelDesignerButtonSpriteNode.swift */,
				3FCC89B61E810D4B005A7C03 /* LevelDesignerPaletteFunctionType.swift */,
				3FCC89AE1E802A45005A7C03 /* ButtonActions.swift */,
				4E1E111E1E7AF35400AAC356 /* LevelDesignerSceneView.swift */,
			);
			path = View;
			sourceTree = "<group>";
		};
		126F50FC1E727319000877F1 /* Resources */ = {
			isa = PBXGroup;
			children = (
				12A82FD01E727072008B721E /* art.scnassets */,
				12A82FD71E727072008B721E /* Assets.xcassets */,
			);
			path = Resources;
			sourceTree = "<group>";
		};
		126F50FD1E727332000877F1 /* Application */ = {
			isa = PBXGroup;
			children = (
				12A82FCE1E727072008B721E /* AppDelegate.swift */,
				120208011E7448710066BD4C /* CoreDataStack.swift */,
			);
			path = Application;
			sourceTree = "<group>";
		};
		126F50FE1E727355000877F1 /* Utilities */ = {
			isa = PBXGroup;
			children = (
				120208031E7449FB0066BD4C /* Storage */,
			);
			path = Utilities;
			sourceTree = "<group>";
		};
		126F50FF1E72736E000877F1 /* Storyboards */ = {
			isa = PBXGroup;
			children = (
				12EFDD651E727812005C63E2 /* LaunchScreen.storyboard */,
				12EFDD661E727812005C63E2 /* Main.storyboard */,
				3FAE2D331E7280EE00D65B84 /* Menu.storyboard */,
				3FAE2D351E72818900D65B84 /* LevelSelector.storyboard */,
				3FAE2D371E7281CE00D65B84 /* LevelDesigner.storyboard */,
				3FAE2D391E7281F400D65B84 /* Gameplay.storyboard */,
				3FAE2D3B1E72838200D65B84 /* LevelMarketplace.storyboard */,
				3FCC89981E7AD2A8005A7C03 /* ExperimentalLevelDesigner.storyboard */,
			);
			path = Storyboards;
			sourceTree = "<group>";
		};
		12A82FC21E727071008B721E = {
			isa = PBXGroup;
			children = (
				12A82FCD1E727072008B721E /* WoofRunner */,
				12A82FE41E727072008B721E /* WoofRunnerTests */,
				12A82FEF1E727072008B721E /* WoofRunnerUITests */,
				12A82FCC1E727072008B721E /* Products */,
				3D56D0FB756B43BA7BA5F70B /* Pods */,
				B5450BA918CCF667253FFC7B /* Frameworks */,
			);
			sourceTree = "<group>";
		};
		12A82FCC1E727072008B721E /* Products */ = {
			isa = PBXGroup;
			children = (
				12A82FCB1E727072008B721E /* WoofRunner.app */,
				12A82FE11E727072008B721E /* WoofRunnerTests.xctest */,
				12A82FEC1E727072008B721E /* WoofRunnerUITests.xctest */,
			);
			name = Products;
			sourceTree = "<group>";
		};
		12A82FCD1E727072008B721E /* WoofRunner */ = {
			isa = PBXGroup;
			children = (
				F33442A61E8156F3001C1D8D /* GameEngine */,
				126F50FD1E727332000877F1 /* Application */,
				126F50FB1E7272C2000877F1 /* View */,
				126F50FF1E72736E000877F1 /* Storyboards */,
				126F50F91E7272B8000877F1 /* ViewControllers */,
				126F50F81E7272AA000877F1 /* Models */,
				126F50FC1E727319000877F1 /* Resources */,
				126F50FE1E727355000877F1 /* Utilities */,
				12A82FDC1E727072008B721E /* Info.plist */,
				12EE38BF1E78E99F00D81378 /* GoogleService-Info.plist */,
				3FCC89951E73E29F005A7C03 /* WoofRunner-Bridging-Header.h */,
			);
			path = WoofRunner;
			sourceTree = "<group>";
		};
		12A82FE41E727072008B721E /* WoofRunnerTests */ = {
			isa = PBXGroup;
			children = (
				12E36F981E7552E700135DB7 /* Utilities */,
				12A82FE51E727072008B721E /* WoofRunnerTests.swift */,
				12A82FE71E727072008B721E /* Info.plist */,
			);
			path = WoofRunnerTests;
			sourceTree = "<group>";
		};
		12A82FEF1E727072008B721E /* WoofRunnerUITests */ = {
			isa = PBXGroup;
			children = (
				12A82FF01E727072008B721E /* WoofRunnerUITests.swift */,
				12A82FF21E727072008B721E /* Info.plist */,
			);
			path = WoofRunnerUITests;
			sourceTree = "<group>";
		};
		12E36F981E7552E700135DB7 /* Utilities */ = {
			isa = PBXGroup;
			children = (
				12E36F991E7552EF00135DB7 /* Storage */,
			);
			path = Utilities;
			sourceTree = "<group>";
		};
		12E36F991E7552EF00135DB7 /* Storage */ = {
			isa = PBXGroup;
			children = (
				1261D9B61E755E94004837F0 /* CoreDataManagerTests.swift */,
				1270785E1E7E60FD0043C8C4 /* OnlineStorageManagerTests.swift */,
				12BF5ABD1E75904E00823568 /* SaveableStub.swift */,
			);
			path = Storage;
			sourceTree = "<group>";
		};
		3D56D0FB756B43BA7BA5F70B /* Pods */ = {
			isa = PBXGroup;
			children = (
				B1A0187123DD43F203A750D3 /* Pods-WoofRunner.debug.xcconfig */,
				3138944BB9A6BF6AC4CDA580 /* Pods-WoofRunner.release.xcconfig */,
				AA3E35DCCDA4D591A7D83282 /* Pods-WoofRunnerUITests.debug.xcconfig */,
				CDB45AD256815AA318864BCC /* Pods-WoofRunnerUITests.release.xcconfig */,
				96CE24EBBD6B9167EF8714A2 /* Pods-WoofRunner-WoofRunnerTests.release.xcconfig */,
				07727E6850DA4FD03086A970 /* Pods-WoofRunnerTests.release.xcconfig */,
				AF7CB611F2EB570C3A204704 /* Pods-WoofRunnerTests.debug.xcconfig */,
			);
			name = Pods;
			sourceTree = "<group>";
		};
		B5450BA918CCF667253FFC7B /* Frameworks */ = {
			isa = PBXGroup;
			children = (
				81FBE97A6CC9991E780A7EF6 /* Pods_WoofRunner.framework */,
				33BAD35EE63B83A042A840E0 /* Pods_WoofRunnerTests.framework */,
				931C92350C6DC35F3FB37D4E /* Pods_WoofRunnerUITests.framework */,
			);
			name = Frameworks;
			sourceTree = "<group>";
		};
		F33442A61E8156F3001C1D8D /* GameEngine */ = {
			isa = PBXGroup;
			children = (
				F33442A81E8156F3001C1D8D /* GameController.swift */,
				F33442A91E8156F3001C1D8D /* GameEngine.swift */,
				F33442AA1E8156F3001C1D8D /* GameObject.swift */,
				F33442AB1E8156F3001C1D8D /* GestureDelegate.swift */,
				F33442B01E8156F3001C1D8D /* SCNVector3.swift */,
				F33442B31E8156F3001C1D8D /* World.swift */,
				F30ABDFE1E82A7A800BD1D02 /* Array.swift */,
				F33442C11E815BAE001C1D8D /* GameObjects */,
			);
			path = GameEngine;
			sourceTree = "<group>";
		};
		F33442C11E815BAE001C1D8D /* GameObjects */ = {
			isa = PBXGroup;
			children = (
				F33442C21E815BFE001C1D8D /* Camera.swift */,
				F33442C61E815BFE001C1D8D /* Player.swift */,
				F33442C71E815BFE001C1D8D /* TestCube.swift */,
				F33442C51E815BFE001C1D8D /* TileManager.swift */,
				F33442C81E815BFE001C1D8D /* Tile.swift */,
				F30ABE021E82BDB300BD1D02 /* Platform.swift */,
				F33442C31E815BFE001C1D8D /* Obstacle.swift */,
				F30ABE001E82AACA00BD1D02 /* PoolManager.swift */,
			);
			path = GameObjects;
			sourceTree = "<group>";
		};
/* End PBXGroup section */

/* Begin PBXNativeTarget section */
		12A82FCA1E727071008B721E /* WoofRunner */ = {
			isa = PBXNativeTarget;
			buildConfigurationList = 12A82FF51E727072008B721E /* Build configuration list for PBXNativeTarget "WoofRunner" */;
			buildPhases = (
				39823CA0FE9AC457F077A5C1 /* [CP] Check Pods Manifest.lock */,
				12A82FC71E727071008B721E /* Sources */,
				12A82FC81E727071008B721E /* Frameworks */,
				12A82FC91E727071008B721E /* Resources */,
				3E5F84EF5CFC2EE766ADE597 /* [CP] Embed Pods Frameworks */,
				28BB800DEA7E2C86D5777F6F /* [CP] Copy Pods Resources */,
			);
			buildRules = (
			);
			dependencies = (
			);
			name = WoofRunner;
			productName = WoofRunner;
			productReference = 12A82FCB1E727072008B721E /* WoofRunner.app */;
			productType = "com.apple.product-type.application";
		};
		12A82FE01E727072008B721E /* WoofRunnerTests */ = {
			isa = PBXNativeTarget;
			buildConfigurationList = 12A82FF81E727072008B721E /* Build configuration list for PBXNativeTarget "WoofRunnerTests" */;
			buildPhases = (
				4C6EC2D3F18A05DF73489509 /* [CP] Check Pods Manifest.lock */,
				12A82FDD1E727072008B721E /* Sources */,
				12A82FDE1E727072008B721E /* Frameworks */,
				12A82FDF1E727072008B721E /* Resources */,
				FCB2483E5A8A09A7F293E98C /* [CP] Embed Pods Frameworks */,
				C62D800D06B254B2B020EAF6 /* [CP] Copy Pods Resources */,
			);
			buildRules = (
			);
			dependencies = (
				12A82FE31E727072008B721E /* PBXTargetDependency */,
			);
			name = WoofRunnerTests;
			productName = WoofRunnerTests;
			productReference = 12A82FE11E727072008B721E /* WoofRunnerTests.xctest */;
			productType = "com.apple.product-type.bundle.unit-test";
		};
		12A82FEB1E727072008B721E /* WoofRunnerUITests */ = {
			isa = PBXNativeTarget;
			buildConfigurationList = 12A82FFB1E727072008B721E /* Build configuration list for PBXNativeTarget "WoofRunnerUITests" */;
			buildPhases = (
				4726A64ABC9E4D8234233FF4 /* [CP] Check Pods Manifest.lock */,
				12A82FE81E727072008B721E /* Sources */,
				12A82FE91E727072008B721E /* Frameworks */,
				12A82FEA1E727072008B721E /* Resources */,
				F6CD40E6973EF55F41036E9F /* [CP] Embed Pods Frameworks */,
				C3F9ECACC9AA4DAB4548A527 /* [CP] Copy Pods Resources */,
			);
			buildRules = (
			);
			dependencies = (
				12A82FEE1E727072008B721E /* PBXTargetDependency */,
			);
			name = WoofRunnerUITests;
			productName = WoofRunnerUITests;
			productReference = 12A82FEC1E727072008B721E /* WoofRunnerUITests.xctest */;
			productType = "com.apple.product-type.bundle.ui-testing";
		};
/* End PBXNativeTarget section */

/* Begin PBXProject section */
		12A82FC31E727071008B721E /* Project object */ = {
			isa = PBXProject;
			attributes = {
				LastSwiftUpdateCheck = 0820;
				LastUpgradeCheck = 0820;
				ORGANIZATIONNAME = WoofRunner;
				TargetAttributes = {
					12A82FCA1E727071008B721E = {
						CreatedOnToolsVersion = 8.2.1;
						DevelopmentTeam = W76H98A34A;
						ProvisioningStyle = Automatic;
					};
					12A82FE01E727072008B721E = {
						CreatedOnToolsVersion = 8.2.1;
						DevelopmentTeam = W76H98A34A;
						ProvisioningStyle = Automatic;
						TestTargetID = 12A82FCA1E727071008B721E;
					};
					12A82FEB1E727072008B721E = {
						CreatedOnToolsVersion = 8.2.1;
						DevelopmentTeam = W76H98A34A;
						ProvisioningStyle = Automatic;
						TestTargetID = 12A82FCA1E727071008B721E;
					};
				};
			};
			buildConfigurationList = 12A82FC61E727071008B721E /* Build configuration list for PBXProject "WoofRunner" */;
			compatibilityVersion = "Xcode 3.2";
			developmentRegion = English;
			hasScannedForEncodings = 0;
			knownRegions = (
				en,
				Base,
			);
			mainGroup = 12A82FC21E727071008B721E;
			productRefGroup = 12A82FCC1E727072008B721E /* Products */;
			projectDirPath = "";
			projectRoot = "";
			targets = (
				12A82FCA1E727071008B721E /* WoofRunner */,
				12A82FE01E727072008B721E /* WoofRunnerTests */,
				12A82FEB1E727072008B721E /* WoofRunnerUITests */,
			);
		};
/* End PBXProject section */

/* Begin PBXResourcesBuildPhase section */
		12A82FC91E727071008B721E /* Resources */ = {
			isa = PBXResourcesBuildPhase;
			buildActionMask = 2147483647;
			files = (
				3FAE2D341E7280EE00D65B84 /* Menu.storyboard in Resources */,
				12EFDD671E727812005C63E2 /* LaunchScreen.storyboard in Resources */,
				3FAE2D3A1E7281F400D65B84 /* Gameplay.storyboard in Resources */,
				3FAE2D361E72818900D65B84 /* LevelSelector.storyboard in Resources */,
				3FAE2D3C1E72838200D65B84 /* LevelMarketplace.storyboard in Resources */,
				12A82FD11E727072008B721E /* art.scnassets in Resources */,
				12A82FD81E727072008B721E /* Assets.xcassets in Resources */,
				12EE38C01E78E99F00D81378 /* GoogleService-Info.plist in Resources */,
				3FAE2D381E7281CE00D65B84 /* LevelDesigner.storyboard in Resources */,
				3FCC89991E7AD2A8005A7C03 /* ExperimentalLevelDesigner.storyboard in Resources */,
				12EFDD681E727812005C63E2 /* Main.storyboard in Resources */,
			);
			runOnlyForDeploymentPostprocessing = 0;
		};
		12A82FDF1E727072008B721E /* Resources */ = {
			isa = PBXResourcesBuildPhase;
			buildActionMask = 2147483647;
			files = (
			);
			runOnlyForDeploymentPostprocessing = 0;
		};
		12A82FEA1E727072008B721E /* Resources */ = {
			isa = PBXResourcesBuildPhase;
			buildActionMask = 2147483647;
			files = (
			);
			runOnlyForDeploymentPostprocessing = 0;
		};
/* End PBXResourcesBuildPhase section */

/* Begin PBXShellScriptBuildPhase section */
		28BB800DEA7E2C86D5777F6F /* [CP] Copy Pods Resources */ = {
			isa = PBXShellScriptBuildPhase;
			buildActionMask = 2147483647;
			files = (
			);
			inputPaths = (
			);
			name = "[CP] Copy Pods Resources";
			outputPaths = (
			);
			runOnlyForDeploymentPostprocessing = 0;
			shellPath = /bin/sh;
			shellScript = "\"${SRCROOT}/Pods/Target Support Files/Pods-WoofRunner/Pods-WoofRunner-resources.sh\"\n";
			showEnvVarsInLog = 0;
		};
		39823CA0FE9AC457F077A5C1 /* [CP] Check Pods Manifest.lock */ = {
			isa = PBXShellScriptBuildPhase;
			buildActionMask = 2147483647;
			files = (
			);
			inputPaths = (
			);
			name = "[CP] Check Pods Manifest.lock";
			outputPaths = (
			);
			runOnlyForDeploymentPostprocessing = 0;
			shellPath = /bin/sh;
			shellScript = "diff \"${PODS_PODFILE_DIR_PATH}/Podfile.lock\" \"${PODS_ROOT}/Manifest.lock\" > /dev/null\nif [ $? != 0 ] ; then\n    # print error to STDERR\n    echo \"error: The sandbox is not in sync with the Podfile.lock. Run 'pod install' or update your CocoaPods installation.\" >&2\n    exit 1\nfi\n";
			showEnvVarsInLog = 0;
		};
		3E5F84EF5CFC2EE766ADE597 /* [CP] Embed Pods Frameworks */ = {
			isa = PBXShellScriptBuildPhase;
			buildActionMask = 12;
			files = (
			);
			inputPaths = (
			);
			name = "[CP] Embed Pods Frameworks";
			outputPaths = (
			);
			runOnlyForDeploymentPostprocessing = 0;
			shellPath = /bin/sh;
			shellScript = "\"${SRCROOT}/Pods/Target Support Files/Pods-WoofRunner/Pods-WoofRunner-frameworks.sh\"\n";
			showEnvVarsInLog = 0;
		};
		4726A64ABC9E4D8234233FF4 /* [CP] Check Pods Manifest.lock */ = {
			isa = PBXShellScriptBuildPhase;
			buildActionMask = 2147483647;
			files = (
			);
			inputPaths = (
			);
			name = "[CP] Check Pods Manifest.lock";
			outputPaths = (
			);
			runOnlyForDeploymentPostprocessing = 0;
			shellPath = /bin/sh;
			shellScript = "diff \"${PODS_PODFILE_DIR_PATH}/Podfile.lock\" \"${PODS_ROOT}/Manifest.lock\" > /dev/null\nif [ $? != 0 ] ; then\n    # print error to STDERR\n    echo \"error: The sandbox is not in sync with the Podfile.lock. Run 'pod install' or update your CocoaPods installation.\" >&2\n    exit 1\nfi\n";
			showEnvVarsInLog = 0;
		};
		4C6EC2D3F18A05DF73489509 /* [CP] Check Pods Manifest.lock */ = {
			isa = PBXShellScriptBuildPhase;
			buildActionMask = 2147483647;
			files = (
			);
			inputPaths = (
			);
			name = "[CP] Check Pods Manifest.lock";
			outputPaths = (
			);
			runOnlyForDeploymentPostprocessing = 0;
			shellPath = /bin/sh;
			shellScript = "diff \"${PODS_PODFILE_DIR_PATH}/Podfile.lock\" \"${PODS_ROOT}/Manifest.lock\" > /dev/null\nif [ $? != 0 ] ; then\n    # print error to STDERR\n    echo \"error: The sandbox is not in sync with the Podfile.lock. Run 'pod install' or update your CocoaPods installation.\" >&2\n    exit 1\nfi\n";
			showEnvVarsInLog = 0;
		};
		C3F9ECACC9AA4DAB4548A527 /* [CP] Copy Pods Resources */ = {
			isa = PBXShellScriptBuildPhase;
			buildActionMask = 2147483647;
			files = (
			);
			inputPaths = (
			);
			name = "[CP] Copy Pods Resources";
			outputPaths = (
			);
			runOnlyForDeploymentPostprocessing = 0;
			shellPath = /bin/sh;
			shellScript = "\"${SRCROOT}/Pods/Target Support Files/Pods-WoofRunnerUITests/Pods-WoofRunnerUITests-resources.sh\"\n";
			showEnvVarsInLog = 0;
		};
		C62D800D06B254B2B020EAF6 /* [CP] Copy Pods Resources */ = {
			isa = PBXShellScriptBuildPhase;
			buildActionMask = 2147483647;
			files = (
			);
			inputPaths = (
			);
			name = "[CP] Copy Pods Resources";
			outputPaths = (
			);
			runOnlyForDeploymentPostprocessing = 0;
			shellPath = /bin/sh;
			shellScript = "\"${SRCROOT}/Pods/Target Support Files/Pods-WoofRunnerTests/Pods-WoofRunnerTests-resources.sh\"\n";
			showEnvVarsInLog = 0;
		};
		F6CD40E6973EF55F41036E9F /* [CP] Embed Pods Frameworks */ = {
			isa = PBXShellScriptBuildPhase;
			buildActionMask = 2147483647;
			files = (
			);
			inputPaths = (
			);
			name = "[CP] Embed Pods Frameworks";
			outputPaths = (
			);
			runOnlyForDeploymentPostprocessing = 0;
			shellPath = /bin/sh;
			shellScript = "\"${SRCROOT}/Pods/Target Support Files/Pods-WoofRunnerUITests/Pods-WoofRunnerUITests-frameworks.sh\"\n";
			showEnvVarsInLog = 0;
		};
		FCB2483E5A8A09A7F293E98C /* [CP] Embed Pods Frameworks */ = {
			isa = PBXShellScriptBuildPhase;
			buildActionMask = 2147483647;
			files = (
			);
			inputPaths = (
			);
			name = "[CP] Embed Pods Frameworks";
			outputPaths = (
			);
			runOnlyForDeploymentPostprocessing = 0;
			shellPath = /bin/sh;
			shellScript = "\"${SRCROOT}/Pods/Target Support Files/Pods-WoofRunnerTests/Pods-WoofRunnerTests-frameworks.sh\"\n";
			showEnvVarsInLog = 0;
		};
/* End PBXShellScriptBuildPhase section */

/* Begin PBXSourcesBuildPhase section */
		12A82FC71E727071008B721E /* Sources */ = {
			isa = PBXSourcesBuildPhase;
			buildActionMask = 2147483647;
			files = (
				12EE38C21E78EA1C00D81378 /* OnlineStorageManager.swift in Sources */,
				120208021E7448710066BD4C /* CoreDataStack.swift in Sources */,
				12610C7F1E7EDBC0006162BF /* Position.swift in Sources */,
				120208081E744C9A0066BD4C /* WoofRunner.xcdatamodeld in Sources */,
				121A44EB1E864AF900F3EAA8 /* LevelMarketplaceHomeViewController.swift in Sources */,
				12610C7B1E7ECAF3006162BF /* SaveableGame.swift in Sources */,
				12610C7D1E7ECE1C006162BF /* SaveableObstacle.swift in Sources */,
				120208051E744A420066BD4C /* CoreDataManager.swift in Sources */,
				3FCC89B51E804C07005A7C03 /* CustomShapeNodes.swift in Sources */,
				3FCC89A71E7EB960005A7C03 /* LevelDesignerButtonSpriteNode.swift in Sources */,
				3FCC89AF1E802A45005A7C03 /* ButtonActions.swift in Sources */,
				F33442B61E8156F3001C1D8D /* GameEngine.swift in Sources */,
				F33442CA1E815BFE001C1D8D /* Obstacle.swift in Sources */,
				F33442B71E8156F3001C1D8D /* GameObject.swift in Sources */,
				F33442CC1E815BFE001C1D8D /* TileManager.swift in Sources */,
				F30ABDFF1E82A7A800BD1D02 /* Array.swift in Sources */,
				F30ABE031E82BDB300BD1D02 /* Platform.swift in Sources */,
				F33442CD1E815BFE001C1D8D /* Player.swift in Sources */,
				F33442BD1E8156F3001C1D8D /* SCNVector3.swift in Sources */,
				F33442B51E8156F3001C1D8D /* GameController.swift in Sources */,
				F33442CE1E815BFE001C1D8D /* TestCube.swift in Sources */,
				12882B891E857059004C3B76 /* LoginViewController.swift in Sources */,
				F33442C01E8156F3001C1D8D /* World.swift in Sources */,
				F30ABE011E82AACA00BD1D02 /* PoolManager.swift in Sources */,
				3FCC899D1E7AD72B005A7C03 /* LevelDesignerOverlayScene.swift in Sources */,
				4E1E111F1E7AF35400AAC356 /* LevelDesignerSceneView.swift in Sources */,
				12A82FCF1E727072008B721E /* AppDelegate.swift in Sources */,
				3FCC89A31E7EB8C6005A7C03 /* RootSKSpriteNode.swift in Sources */,
				121387C01E85FCBD00F0861B /* UploadableGame.swift in Sources */,
				3FCC899F1E7AD846005A7C03 /* ExperimentalMainScene.swift in Sources */,
				3FCC899B1E7AD396005A7C03 /* ExperimentalLevelDesignerViewController.swift in Sources */,
				3FCC89B71E810D4B005A7C03 /* LevelDesignerPaletteFunctionType.swift in Sources */,
				3FCC89971E73E327005A7C03 /* LevelSelectorViewController.swift in Sources */,
				4E1E111D1E7AF33F00AAC356 /* LevelDesignerViewController.swift in Sources */,
				F33442CF1E815BFE001C1D8D /* Tile.swift in Sources */,
				121387C41E8628D900F0861B /* SaveablePlatform.swift in Sources */,
				F33442B81E8156F3001C1D8D /* GestureDelegate.swift in Sources */,
				F33442C91E815BFE001C1D8D /* Camera.swift in Sources */,
			);
			runOnlyForDeploymentPostprocessing = 0;
		};
		12A82FDD1E727072008B721E /* Sources */ = {
			isa = PBXSourcesBuildPhase;
			buildActionMask = 2147483647;
			files = (
				1261D9B71E755E94004837F0 /* CoreDataManagerTests.swift in Sources */,
				12BF5ABE1E75904E00823568 /* SaveableStub.swift in Sources */,
				1270785F1E7E60FD0043C8C4 /* OnlineStorageManagerTests.swift in Sources */,
				12A82FE61E727072008B721E /* WoofRunnerTests.swift in Sources */,
			);
			runOnlyForDeploymentPostprocessing = 0;
		};
		12A82FE81E727072008B721E /* Sources */ = {
			isa = PBXSourcesBuildPhase;
			buildActionMask = 2147483647;
			files = (
				12A82FF11E727072008B721E /* WoofRunnerUITests.swift in Sources */,
			);
			runOnlyForDeploymentPostprocessing = 0;
		};
/* End PBXSourcesBuildPhase section */

/* Begin PBXTargetDependency section */
		12A82FE31E727072008B721E /* PBXTargetDependency */ = {
			isa = PBXTargetDependency;
			target = 12A82FCA1E727071008B721E /* WoofRunner */;
			targetProxy = 12A82FE21E727072008B721E /* PBXContainerItemProxy */;
		};
		12A82FEE1E727072008B721E /* PBXTargetDependency */ = {
			isa = PBXTargetDependency;
			target = 12A82FCA1E727071008B721E /* WoofRunner */;
			targetProxy = 12A82FED1E727072008B721E /* PBXContainerItemProxy */;
		};
/* End PBXTargetDependency section */

/* Begin XCBuildConfiguration section */
		12A82FF31E727072008B721E /* Debug */ = {
			isa = XCBuildConfiguration;
			buildSettings = {
				ALWAYS_SEARCH_USER_PATHS = NO;
				CLANG_ANALYZER_NONNULL = YES;
				CLANG_CXX_LANGUAGE_STANDARD = "gnu++0x";
				CLANG_CXX_LIBRARY = "libc++";
				CLANG_ENABLE_MODULES = YES;
				CLANG_ENABLE_OBJC_ARC = YES;
				CLANG_WARN_BOOL_CONVERSION = YES;
				CLANG_WARN_CONSTANT_CONVERSION = YES;
				CLANG_WARN_DIRECT_OBJC_ISA_USAGE = YES_ERROR;
				CLANG_WARN_DOCUMENTATION_COMMENTS = YES;
				CLANG_WARN_EMPTY_BODY = YES;
				CLANG_WARN_ENUM_CONVERSION = YES;
				CLANG_WARN_INFINITE_RECURSION = YES;
				CLANG_WARN_INT_CONVERSION = YES;
				CLANG_WARN_OBJC_ROOT_CLASS = YES_ERROR;
				CLANG_WARN_SUSPICIOUS_MOVE = YES;
				CLANG_WARN_UNREACHABLE_CODE = YES;
				CLANG_WARN__DUPLICATE_METHOD_MATCH = YES;
				"CODE_SIGN_IDENTITY[sdk=iphoneos*]" = "iPhone Developer";
				COPY_PHASE_STRIP = NO;
				DEBUG_INFORMATION_FORMAT = dwarf;
				ENABLE_STRICT_OBJC_MSGSEND = YES;
				ENABLE_TESTABILITY = YES;
				GCC_C_LANGUAGE_STANDARD = gnu99;
				GCC_DYNAMIC_NO_PIC = NO;
				GCC_NO_COMMON_BLOCKS = YES;
				GCC_OPTIMIZATION_LEVEL = 0;
				GCC_PREPROCESSOR_DEFINITIONS = (
					"DEBUG=1",
					"$(inherited)",
				);
				GCC_WARN_64_TO_32_BIT_CONVERSION = YES;
				GCC_WARN_ABOUT_RETURN_TYPE = YES_ERROR;
				GCC_WARN_UNDECLARED_SELECTOR = YES;
				GCC_WARN_UNINITIALIZED_AUTOS = YES_AGGRESSIVE;
				GCC_WARN_UNUSED_FUNCTION = YES;
				GCC_WARN_UNUSED_VARIABLE = YES;
				IPHONEOS_DEPLOYMENT_TARGET = 10.2;
				MTL_ENABLE_DEBUG_INFO = YES;
				ONLY_ACTIVE_ARCH = YES;
				SDKROOT = iphoneos;
				SWIFT_ACTIVE_COMPILATION_CONDITIONS = DEBUG;
				SWIFT_OPTIMIZATION_LEVEL = "-Onone";
				TARGETED_DEVICE_FAMILY = 2;
			};
			name = Debug;
		};
		12A82FF41E727072008B721E /* Release */ = {
			isa = XCBuildConfiguration;
			buildSettings = {
				ALWAYS_SEARCH_USER_PATHS = NO;
				CLANG_ANALYZER_NONNULL = YES;
				CLANG_CXX_LANGUAGE_STANDARD = "gnu++0x";
				CLANG_CXX_LIBRARY = "libc++";
				CLANG_ENABLE_MODULES = YES;
				CLANG_ENABLE_OBJC_ARC = YES;
				CLANG_WARN_BOOL_CONVERSION = YES;
				CLANG_WARN_CONSTANT_CONVERSION = YES;
				CLANG_WARN_DIRECT_OBJC_ISA_USAGE = YES_ERROR;
				CLANG_WARN_DOCUMENTATION_COMMENTS = YES;
				CLANG_WARN_EMPTY_BODY = YES;
				CLANG_WARN_ENUM_CONVERSION = YES;
				CLANG_WARN_INFINITE_RECURSION = YES;
				CLANG_WARN_INT_CONVERSION = YES;
				CLANG_WARN_OBJC_ROOT_CLASS = YES_ERROR;
				CLANG_WARN_SUSPICIOUS_MOVE = YES;
				CLANG_WARN_UNREACHABLE_CODE = YES;
				CLANG_WARN__DUPLICATE_METHOD_MATCH = YES;
				"CODE_SIGN_IDENTITY[sdk=iphoneos*]" = "iPhone Developer";
				COPY_PHASE_STRIP = NO;
				DEBUG_INFORMATION_FORMAT = "dwarf-with-dsym";
				ENABLE_NS_ASSERTIONS = NO;
				ENABLE_STRICT_OBJC_MSGSEND = YES;
				GCC_C_LANGUAGE_STANDARD = gnu99;
				GCC_NO_COMMON_BLOCKS = YES;
				GCC_WARN_64_TO_32_BIT_CONVERSION = YES;
				GCC_WARN_ABOUT_RETURN_TYPE = YES_ERROR;
				GCC_WARN_UNDECLARED_SELECTOR = YES;
				GCC_WARN_UNINITIALIZED_AUTOS = YES_AGGRESSIVE;
				GCC_WARN_UNUSED_FUNCTION = YES;
				GCC_WARN_UNUSED_VARIABLE = YES;
				IPHONEOS_DEPLOYMENT_TARGET = 10.2;
				MTL_ENABLE_DEBUG_INFO = NO;
				SDKROOT = iphoneos;
				SWIFT_OPTIMIZATION_LEVEL = "-Owholemodule";
				TARGETED_DEVICE_FAMILY = 2;
				VALIDATE_PRODUCT = YES;
			};
			name = Release;
		};
		12A82FF61E727072008B721E /* Debug */ = {
			isa = XCBuildConfiguration;
			baseConfigurationReference = B1A0187123DD43F203A750D3 /* Pods-WoofRunner.debug.xcconfig */;
			buildSettings = {
				DEVELOPMENT_TEAM = W76H98A34A;
				FRAMEWORK_SEARCH_PATHS = (
					"$(inherited)",
					"$(PROJECT_DIR)/build/Debug-iphoneos",
				);
				INFOPLIST_FILE = WoofRunner/Info.plist;
				IPHONEOS_DEPLOYMENT_TARGET = 10.0;
				LD_RUNPATH_SEARCH_PATHS = "$(inherited) @executable_path/Frameworks";
				PRODUCT_BUNDLE_IDENTIFIER = nus.cs3217.woofrunner.WoofRunner;
				PRODUCT_NAME = "$(TARGET_NAME)";
				SWIFT_VERSION = 3.0;
			};
			name = Debug;
		};
		12A82FF71E727072008B721E /* Release */ = {
			isa = XCBuildConfiguration;
			baseConfigurationReference = 3138944BB9A6BF6AC4CDA580 /* Pods-WoofRunner.release.xcconfig */;
			buildSettings = {
				DEVELOPMENT_TEAM = W76H98A34A;
				FRAMEWORK_SEARCH_PATHS = (
					"$(inherited)",
					"$(PROJECT_DIR)/build/Debug-iphoneos",
				);
				INFOPLIST_FILE = WoofRunner/Info.plist;
				IPHONEOS_DEPLOYMENT_TARGET = 10.0;
				LD_RUNPATH_SEARCH_PATHS = "$(inherited) @executable_path/Frameworks";
				PRODUCT_BUNDLE_IDENTIFIER = nus.cs3217.woofrunner.WoofRunner;
				PRODUCT_NAME = "$(TARGET_NAME)";
				SWIFT_VERSION = 3.0;
			};
			name = Release;
		};
		12A82FF91E727072008B721E /* Debug */ = {
			isa = XCBuildConfiguration;
			baseConfigurationReference = AF7CB611F2EB570C3A204704 /* Pods-WoofRunnerTests.debug.xcconfig */;
			buildSettings = {
				BUNDLE_LOADER = "$(TEST_HOST)";
				DEVELOPMENT_TEAM = W76H98A34A;
				INFOPLIST_FILE = WoofRunnerTests/Info.plist;
				LD_RUNPATH_SEARCH_PATHS = "$(inherited) @executable_path/Frameworks @loader_path/Frameworks";
				PRODUCT_BUNDLE_IDENTIFIER = nus.cs3217.woofrunner.WoofRunnerTests;
				PRODUCT_NAME = "$(TARGET_NAME)";
				SWIFT_VERSION = 3.0;
				TEST_HOST = "$(BUILT_PRODUCTS_DIR)/WoofRunner.app/WoofRunner";
			};
			name = Debug;
		};
		12A82FFA1E727072008B721E /* Release */ = {
			isa = XCBuildConfiguration;
			baseConfigurationReference = 07727E6850DA4FD03086A970 /* Pods-WoofRunnerTests.release.xcconfig */;
			buildSettings = {
				BUNDLE_LOADER = "$(TEST_HOST)";
				DEVELOPMENT_TEAM = W76H98A34A;
				INFOPLIST_FILE = WoofRunnerTests/Info.plist;
				LD_RUNPATH_SEARCH_PATHS = "$(inherited) @executable_path/Frameworks @loader_path/Frameworks";
				PRODUCT_BUNDLE_IDENTIFIER = nus.cs3217.woofrunner.WoofRunnerTests;
				PRODUCT_NAME = "$(TARGET_NAME)";
				SWIFT_VERSION = 3.0;
				TEST_HOST = "$(BUILT_PRODUCTS_DIR)/WoofRunner.app/WoofRunner";
			};
			name = Release;
		};
		12A82FFC1E727072008B721E /* Debug */ = {
			isa = XCBuildConfiguration;
			baseConfigurationReference = AA3E35DCCDA4D591A7D83282 /* Pods-WoofRunnerUITests.debug.xcconfig */;
			buildSettings = {
				DEVELOPMENT_TEAM = W76H98A34A;
				INFOPLIST_FILE = WoofRunnerUITests/Info.plist;
				LD_RUNPATH_SEARCH_PATHS = "$(inherited) @executable_path/Frameworks @loader_path/Frameworks";
				PRODUCT_BUNDLE_IDENTIFIER = nus.cs3217.woofrunner.WoofRunnerUITests;
				PRODUCT_NAME = "$(TARGET_NAME)";
				SWIFT_VERSION = 3.0;
				TEST_TARGET_NAME = WoofRunner;
			};
			name = Debug;
		};
		12A82FFD1E727072008B721E /* Release */ = {
			isa = XCBuildConfiguration;
			baseConfigurationReference = CDB45AD256815AA318864BCC /* Pods-WoofRunnerUITests.release.xcconfig */;
			buildSettings = {
				DEVELOPMENT_TEAM = W76H98A34A;
				INFOPLIST_FILE = WoofRunnerUITests/Info.plist;
				LD_RUNPATH_SEARCH_PATHS = "$(inherited) @executable_path/Frameworks @loader_path/Frameworks";
				PRODUCT_BUNDLE_IDENTIFIER = nus.cs3217.woofrunner.WoofRunnerUITests;
				PRODUCT_NAME = "$(TARGET_NAME)";
				SWIFT_VERSION = 3.0;
				TEST_TARGET_NAME = WoofRunner;
			};
			name = Release;
		};
/* End XCBuildConfiguration section */

/* Begin XCConfigurationList section */
		12A82FC61E727071008B721E /* Build configuration list for PBXProject "WoofRunner" */ = {
			isa = XCConfigurationList;
			buildConfigurations = (
				12A82FF31E727072008B721E /* Debug */,
				12A82FF41E727072008B721E /* Release */,
			);
			defaultConfigurationIsVisible = 0;
			defaultConfigurationName = Release;
		};
		12A82FF51E727072008B721E /* Build configuration list for PBXNativeTarget "WoofRunner" */ = {
			isa = XCConfigurationList;
			buildConfigurations = (
				12A82FF61E727072008B721E /* Debug */,
				12A82FF71E727072008B721E /* Release */,
			);
			defaultConfigurationIsVisible = 0;
			defaultConfigurationName = Release;
		};
		12A82FF81E727072008B721E /* Build configuration list for PBXNativeTarget "WoofRunnerTests" */ = {
			isa = XCConfigurationList;
			buildConfigurations = (
				12A82FF91E727072008B721E /* Debug */,
				12A82FFA1E727072008B721E /* Release */,
			);
			defaultConfigurationIsVisible = 0;
			defaultConfigurationName = Release;
		};
		12A82FFB1E727072008B721E /* Build configuration list for PBXNativeTarget "WoofRunnerUITests" */ = {
			isa = XCConfigurationList;
			buildConfigurations = (
				12A82FFC1E727072008B721E /* Debug */,
				12A82FFD1E727072008B721E /* Release */,
			);
			defaultConfigurationIsVisible = 0;
			defaultConfigurationName = Release;
		};
/* End XCConfigurationList section */

/* Begin XCVersionGroup section */
		120208061E744C9A0066BD4C /* WoofRunner.xcdatamodeld */ = {
			isa = XCVersionGroup;
			children = (
				120208071E744C9A0066BD4C /* WoofRunner.xcdatamodel */,
			);
			currentVersion = 120208071E744C9A0066BD4C /* WoofRunner.xcdatamodel */;
			path = WoofRunner.xcdatamodeld;
			sourceTree = "<group>";
			versionGroupType = wrapper.xcdatamodel;
		};
/* End XCVersionGroup section */
	};
	rootObject = 12A82FC31E727071008B721E /* Project object */;
}
